lockfileVersion: '9.0'

settings:
  autoInstallPeers: true
  excludeLinksFromLockfile: false

overrides:
  '@deepseek-ai/cordis': ^4.0.3
  '@deepseek-ai/cosmokit': ^1.8.4
  '@deepseek-ai/schemastery': ^3.18.3
  dsh-session-sync: link:.

importers:

  .:
    dependencies:
      '@deepseek-ai/dsh-session-projection':
        specifier: '>=0.1.2-rc.1 <0.2.0 || >=0.1.5-alpha.1 <0.2.0 || >=0.1.6-0 <0.2.0 || >=0.1.7-0 <0.2.0'
        version: 0.1.6-alpha.2(@deepseek-ai/cordis@4.0.3)(@deepseek-ai/dsh-session@0.1.7-alpha.1(@deepseek-ai/cordis@4.0.3)(@deepseek-ai/dsh-scope@0.1.1-rc.2(@deepseek-ai/cordis@4.0.3)(@deepseek-ai/dsh-invariants@0.1.1-rc.2(@deepseek-ai/cordis@4.0.3))))
      zod:
        specifier: ^4.4.3
        version: 4.4.3
    devDependencies:
      '@deepseek-ai/cordis':
        specifier: ^4.0.3
        version: 4.0.3(@deepseek-ai/cordis-plugin-include@1.0.8)(@deepseek-ai/cordis-plugin-loader@1.0.4)
      '@deepseek-ai/cordis-plugin-include':
        specifier: ^1.0.8
        version: 1.0.8(@deepseek-ai/cordis-plugin-loader@1.0.4)(@deepseek-ai/cordis@4.0.3)
      '@deepseek-ai/cordis-plugin-loader':
        specifier: ^1.0.4
        version: 1.0.4(@deepseek-ai/cordis@4.0.3)
      '@deepseek-ai/dsh-attachment':
        specifier: 0.1.7-alpha.1
        version: 0.1.7-alpha.1(@deepseek-ai/cordis@4.0.3)(@deepseek-ai/dsh-brand@0.1.7-alpha.1(@deepseek-ai/cordis@4.0.3))
      '@deepseek-ai/dsh-commands':
        specifier: 0.1.7-alpha.1
        version: 0.1.7-alpha.1(5cd93d5b625d3c9c1ef8231766e362e0)
      '@deepseek-ai/dsh-llm':
        specifier: 0.1.7-alpha.1
        version: 0.1.7-alpha.1(@deepseek-ai/cordis@4.0.3)
      '@deepseek-ai/dsh-session':
        specifier: 0.1.7-alpha.1
        version: 0.1.7-alpha.1(@deepseek-ai/cordis@4.0.3)(@deepseek-ai/dsh-scope@0.1.1-rc.2(@deepseek-ai/cordis@4.0.3)(@deepseek-ai/dsh-invariants@0.1.1-rc.2(@deepseek-ai/cordis@4.0.3)))
      '@deepseek-ai/dsh-session-format-v3-to-v4':
        specifier: 0.1.7-alpha.1
        version: 0.1.7-alpha.1(@deepseek-ai/cordis@4.0.3)
      '@deepseek-ai/dsh-storage':
        specifier: 0.1.7-alpha.1
        version: 0.1.7-alpha.1(@deepseek-ai/cordis@4.0.3)
      '@deepseek-ai/dsh-storage-domain':
        specifier: 0.1.7-alpha.1
        version: 0.1.7-alpha.1(@deepseek-ai/cordis@4.0.3)(@deepseek-ai/dsh-invariants@0.1.1-rc.2(@deepseek-ai/cordis@4.0.3))(@deepseek-ai/dsh-storage@0.1.7-alpha.1(@deepseek-ai/cordis@4.0.3))
      '@deepseek-ai/dsh-storage-json':
        specifier: 0.1.7-alpha.1
        version: 0.1.7-alpha.1(@deepseek-ai/cordis@4.0.3)(@deepseek-ai/dsh-storage@0.1.7-alpha.1(@deepseek-ai/cordis@4.0.3))
      '@deepseek-ai/dsh-subprocess':
        specifier: 0.1.7-alpha.1
        version: 0.1.7-alpha.1(@deepseek-ai/cordis@4.0.3)(@deepseek-ai/dsh-http-proxy@0.1.5-alpha.1(@deepseek-ai/cordis@4.0.3))
      '@deepseek-ai/dsh-system-prompt':
        specifier: 0.1.7-alpha.1
        version: 0.1.7-alpha.1(@deepseek-ai/cordis@4.0.3)(@deepseek-ai/dsh-invariants@0.1.1-rc.2(@deepseek-ai/cordis@4.0.3))(@deepseek-ai/dsh-llm@0.1.7-alpha.1(@deepseek-ai/cordis@4.0.3))(@deepseek-ai/dsh-scope@0.1.1-rc.2(@deepseek-ai/cordis@4.0.3)(@deepseek-ai/dsh-invariants@0.1.1-rc.2(@deepseek-ai/cordis@4.0.3)))
      '@deepseek-ai/dsh-tools':
        specifier: 0.1.7-alpha.1
        version: 0.1.7-alpha.1(a97770b3efef875b667d1f6f5fe0047e)
      '@deepseek-ai/dsh-user-approval':
        specifier: 0.1.7-alpha.1
        version: 0.1.7-alpha.1(029699d54837441ea1c8213e12a4942a)
      '@deepseek-ai/dsh-user-questions':
        specifier: 0.1.7-alpha.1
        version: 0.1.7-alpha.1(b2e9bf3b9ac8b75023784ecda75cf9cf)
      '@deepseek-ai/schemastery':
        specifier: ^3.18.3
        version: 3.18.3
      '@types/node':
        specifier: ^22.19.0
        version: 22.20.1
      oxlint:
        specifier: 0.18.1
        version: 0.18.1
      typescript:
        specifier: ^5.9.0
        version: 5.9.3

packages:

  '@deepseek-ai/cordis-plugin-include@1.0.8':
    resolution: {integrity: sha512-gJ30lHoLTGXUtfyoLtAIVNQZSmLC/dp7wC1XBmhMyvYzmQqmhB8/TwCSAlL2NVpJSJzy8QtJQKDUdApoH6YljA==}
    peerDependencies:
      '@deepseek-ai/cordis': ^4.0.3
      '@deepseek-ai/cordis-plugin-loader': ^1.0.4

  '@deepseek-ai/cordis-plugin-loader@1.0.4':
    resolution: {integrity: sha512-7qiTfu9NdyqabmHmj+/k/qVSZu0F5b6Mkh2Q9WYRI/dRCr/PwGYvYObUu7aKvUKfxUodVmbfUgl6R5YAji35zA==}
    peerDependencies:
      '@deepseek-ai/cordis': ^4.0.3
      node-addon-require-builtin: ^0.1.6
    peerDependenciesMeta:
      node-addon-require-builtin:
        optional: true

  '@deepseek-ai/cordis@4.0.3':
    resolution: {integrity: sha512-ka+8UVh1JDTqkrEcgkfGwquM3lsBmLDsJMNAQUgumY65tI7IIrLFSERcNfde5kF1rtSSktOJmsC9WmJLt4rd8A==}
    hasBin: true
    peerDependencies:
      '@deepseek-ai/cordis-plugin-include': ^1.0.8
      '@deepseek-ai/cordis-plugin-loader': ^1.0.4
    peerDependenciesMeta:
      '@deepseek-ai/cordis-plugin-include':
        optional: true
      '@deepseek-ai/cordis-plugin-loader':
        optional: true

  '@deepseek-ai/cosmokit@1.8.4':
    resolution: {integrity: sha512-zOX7hFKtUQNY6GlZi1OCGY+bp6swWDf8aFNbCSAonVKEpEb5Tc2m3moUtNZscT7ksflIcVn+qgqYZo9QKUF+fQ==}

  '@deepseek-ai/dsh-agent@0.1.1-rc.2':
    resolution: {integrity: sha512-cC7lnJe7JgPFcreNXxcxLMxQd78LnpVO9ZXROjZsGRQN1zGH6i/DduI892F1am85IfzzO+XTxMwwUHmfwamb0g==}
    peerDependencies:
      '@deepseek-ai/cordis': ^4.0.3
      '@deepseek-ai/dsh-invariants': ^0.1.1-rc.2
      '@deepseek-ai/dsh-llm': ^0.1.1-rc.2
      '@deepseek-ai/dsh-scope': ^0.1.1-rc.2
      '@deepseek-ai/dsh-session': ^0.1.1-rc.2
      '@deepseek-ai/dsh-system-prompt': ^0.1.1-rc.2
      '@deepseek-ai/dsh-typert-protocol': ^0.1.1-rc.2

  '@deepseek-ai/dsh-attachment@0.1.7-alpha.1':
    resolution: {integrity: sha512-roZS3iTkNbZiwbjMSQtt90sUkoeD4s2DmKKGb34ZOWXRl+BuNhC5AsrtB7vKeyhRvtS5TzFdODx5V9P1aMjOFg==}
    peerDependencies:
      '@deepseek-ai/cordis': ^4.0.3
      '@deepseek-ai/dsh-brand': ^0.1.7-alpha.1

  '@deepseek-ai/dsh-brand@0.1.7-alpha.1':
    resolution: {integrity: sha512-fQgY3t3Cc9Kqwk3gji3/dlotuJodxjR5xeP4q42h4TkHsZ9+O7gY5SNipJwVLjZv4Vg4JdoEEpclt0I/9rskPg==}
    peerDependencies:
      '@deepseek-ai/cordis': ^4.0.3

  '@deepseek-ai/dsh-commands@0.1.7-alpha.1':
    resolution: {integrity: sha512-kvDaRV7vz4qHQv+WNveyHOIexmCBTzWTKdyvQuY5n1WvXV3oY3voNKGeSTKcoA8LRjU5fy+66+0uAhZdQy9BEA==}
    peerDependencies:
      '@deepseek-ai/cordis': ^4.0.3
      '@deepseek-ai/dsh-agent': ^0.1.7-alpha.1
      '@deepseek-ai/dsh-attachment': ^0.1.7-alpha.1
      '@deepseek-ai/dsh-brand': ^0.1.7-alpha.1
      '@deepseek-ai/dsh-invariants': ^0.1.7-alpha.1
      '@deepseek-ai/dsh-llm': ^0.1.7-alpha.1
      '@deepseek-ai/dsh-scope': ^0.1.7-alpha.1
      '@deepseek-ai/dsh-session': ^0.1.7-alpha.1
      '@deepseek-ai/dsh-typert-protocol': ^0.1.7-alpha.1

  '@deepseek-ai/dsh-http-proxy@0.1.5-alpha.1':
    resolution: {integrity: sha512-LhFFRJWeGmHYCA75MRx5koxu5zqb+K6/wmqxx1xP2rqs2cR3ZbFKaY4cMIykv/uwIZ2tb/QvQN93WaPD+KGfjQ==}
    peerDependencies:
      '@deepseek-ai/cordis': ^4.0.3

  '@deepseek-ai/dsh-invariants@0.1.1-rc.2':
    resolution: {integrity: sha512-l+1Om/EDFyMjhgSuEx2WDLLA2fia/+ga9mBTCoT/MMslsnWaK5G0/lWwbwlTBSaJ6OfmYc3DuBgox8DbgIGHRQ==}
    peerDependencies:
      '@deepseek-ai/cordis': ^4.0.3

  '@deepseek-ai/dsh-llm@0.1.7-alpha.1':
    resolution: {integrity: sha512-DajyYU+BZqTEpfQCb21ymCqA7DBlbfcm9nguoFjY14nZ6GLdLh+ae4Nl42Nz189kVS2siu7TcDZKVy47Nub9Ag==}
    peerDependencies:
      '@deepseek-ai/cordis': ^4.0.3

  '@deepseek-ai/dsh-ptc-runtime@0.1.7-alpha.1':
    resolution: {integrity: sha512-oHMYhO3TK29eP0PEMeqcveFf9/P3SlG+pzJh6rTrJeSOlFEY61sCfocqXwNeDvsTQItFz2w9bsoyVOng5MwhQg==}
    peerDependencies:
      '@deepseek-ai/cordis': ^4.0.3
      '@deepseek-ai/dsh-sandbox': ^0.1.7-alpha.1

  '@deepseek-ai/dsh-sandbox-policy@0.1.7-alpha.1':
    resolution: {integrity: sha512-ch/kZPQ8I1vqVGQqUCCjRNdOSlPEZfgsVJOE3TwW57UyWlZi1bqtxP0YPiUjd+PgvEineTj89CU03Hc2GkgAsA==}
    peerDependencies:
      '@deepseek-ai/cordis': ^4.0.3
      '@deepseek-ai/dsh-agent': ^0.1.7-alpha.1
      '@deepseek-ai/dsh-invariants': ^0.1.7-alpha.1
      '@deepseek-ai/dsh-sandbox': ^0.1.7-alpha.1
      '@deepseek-ai/dsh-session': ^0.1.7-alpha.1
      '@deepseek-ai/dsh-session-projection': ^0.1.7-alpha.1
      '@deepseek-ai/dsh-system-prompt': ^0.1.7-alpha.1

  '@deepseek-ai/dsh-sandbox@0.1.7-alpha.1':
    resolution: {integrity: sha512-AFYx8YK3m7zUAh/Dp/UhTA2hfFfOpVLcII0kePTIFRG7IadM+vDNAYDPKgHO+2LcnXOxCLJ7CZ/hNogNXcWlqw==}
    peerDependencies:
      '@deepseek-ai/cordis': ^4.0.3
      '@deepseek-ai/dsh-llm': ^0.1.7-alpha.1
      '@deepseek-ai/dsh-session': ^0.1.7-alpha.1

  '@deepseek-ai/dsh-scope@0.1.1-rc.2':
    resolution: {integrity: sha512-Xy3ejL6dwVSluZL7XOWy76ya4pCw1uHwxodDK4O9XiQUiUV4FBXnt0aNJUtMeAFN0c1YujxxCmRniMvuuNn1Nw==}
    peerDependencies:
      '@deepseek-ai/cordis': ^4.0.3
      '@deepseek-ai/dsh-invariants': ^0.1.1-rc.2

  '@deepseek-ai/dsh-session-format-v0-to-v1@0.1.7-alpha.1':
    resolution: {integrity: sha512-0tUlxf1n3mbgGCJGTWANlCRu0j6vE41lVmWmlDt4WA4Jrsh83fhgAjylbDDjOGoLu2s8Hk0/zDRt30JBc/ljdg==}
    peerDependencies:
      '@deepseek-ai/cordis': ^4.0.3

  '@deepseek-ai/dsh-session-format-v1-to-v2@0.1.7-alpha.1':
    resolution: {integrity: sha512-BUvdNLK7RKnR2rJZ/twV3X/82WS/b6cAK+fSPmzzUIho/Rgc2v12aaeyXNQ6L1m4gIDhESVP2xHxlnW1NKsc7Q==}
    peerDependencies:
      '@deepseek-ai/cordis': ^4.0.3

  '@deepseek-ai/dsh-session-format-v2-to-v3@0.1.7-alpha.1':
    resolution: {integrity: sha512-/bUAc7yW5ILnWNXlCBk/DwS/DyLvWEJ+alxH3n/DVFxXFj2jlyqyO6tBiQPcwQHsLxrH9F0YNccesPD9ACoY4g==}
    peerDependencies:
      '@deepseek-ai/cordis': ^4.0.3

  '@deepseek-ai/dsh-session-format-v3-to-v4@0.1.7-alpha.1':
    resolution: {integrity: sha512-hkRUKhkxvbHxC8L7yup/1KzMtUA1qXR1OiX+8BTfj0/yLHFBnZUbnnd/KZN4P40VXxoFAdjj44J/8pAwh+64JA==}
    peerDependencies:
      '@deepseek-ai/cordis': ^4.0.3

  '@deepseek-ai/dsh-session-format@0.1.7-alpha.1':
    resolution: {integrity: sha512-AiffgPWn5B2eAM1K8hQe06dgURFkz1zRxRS2+OzrBvOqNuKQu0nbDZZEz/sSTcKbVFFw6F9kZMxHe4lojBHWAQ==}
    peerDependencies:
      '@deepseek-ai/cordis': ^4.0.3

  '@deepseek-ai/dsh-session-projection@0.1.6-alpha.2':
    resolution: {integrity: sha512-ig+XpRxv5N+gSpfy3IajvG5AlFm2UKfTKqqtem4DXwxCHIPoRbZnYWgwd/qFIl1bNNJHL6z1zjnOGGNeO640GA==}
    peerDependencies:
      '@deepseek-ai/cordis': ^4.0.3
      '@deepseek-ai/dsh-session': ^0.1.6-alpha.2

  '@deepseek-ai/dsh-session@0.1.7-alpha.1':
    resolution: {integrity: sha512-dUd/fUj8wign5ZuniGfr5VqMWZqFPwhc0IImapToE2NDZB/Hl0JVXtg/lS5aYoFfgxwEeIWEDjVO3UJBClQa9A==}
    peerDependencies:
      '@deepseek-ai/cordis': ^4.0.3
      '@deepseek-ai/dsh-scope': ^0.1.7-alpha.1

  '@deepseek-ai/dsh-storage-domain@0.1.7-alpha.1':
    resolution: {integrity: sha512-hvqYoJ1kR2F3pvp+hI+hC7L//o3b60Lljv0HhMA76tum2v4P0xjuJz42rO52/LI2bbSq14sQ48OEQSg0CaY11w==}
    peerDependencies:
      '@deepseek-ai/cordis': ^4.0.3
      '@deepseek-ai/dsh-invariants': ^0.1.7-alpha.1
      '@deepseek-ai/dsh-storage': ^0.1.7-alpha.1

  '@deepseek-ai/dsh-storage-json@0.1.7-alpha.1':
    resolution: {integrity: sha512-EPs+7zQnAPUpZ1RX7X0d64EtyLBPleEKbijHLhhzyoUlo5PKqUx+WFBFebU7eY4m7HkiXKsH8UZP11Tk/yv2Sg==}
    peerDependencies:
      '@deepseek-ai/cordis': ^4.0.3
      '@deepseek-ai/dsh-storage': ^0.1.7-alpha.1

  '@deepseek-ai/dsh-storage@0.1.7-alpha.1':
    resolution: {integrity: sha512-c2EMnlpw+KQASp2JZS59RyoDyPsZ21ZKN9THdWSQUdyZx7aPSONYJu+Q4ncwYB3UcCj8U+DHVNKf5GvrsTFwxA==}
    peerDependencies:
      '@deepseek-ai/cordis': ^4.0.3

  '@deepseek-ai/dsh-subprocess@0.1.7-alpha.1':
    resolution: {integrity: sha512-WpLLPcqgoD6o5qz8DB4NOii9q2Cp7m2wRAtWcDsNMo9waFsqa2SZjOnwRlpVPQn+CFySlrMqVrQNUrihNGuKsA==}
    peerDependencies:
      '@deepseek-ai/cordis': ^4.0.3
      '@deepseek-ai/dsh-http-proxy': ^0.1.7-alpha.1

  '@deepseek-ai/dsh-system-prompt@0.1.7-alpha.1':
    resolution: {integrity: sha512-eDRfgbDtLV0pEgCKzElaHV6c9P+OJAwBPJK3n+RzrU9ibEtD4WyfxcrzvS9Kw3Q4wRsYULYDZNEWVw8ZGQeazw==}
    peerDependencies:
      '@deepseek-ai/cordis': ^4.0.3
      '@deepseek-ai/dsh-invariants': ^0.1.7-alpha.1
      '@deepseek-ai/dsh-llm': ^0.1.7-alpha.1
      '@deepseek-ai/dsh-scope': ^0.1.7-alpha.1

  '@deepseek-ai/dsh-timeout@0.1.7-alpha.1':
    resolution: {integrity: sha512-eadqFmn+C2hpVl76mdzyL09XQ/y+1kCeDOyp5fSVkEZ3VDiAxmC9KLsv6xES56W2FznxubadTdR/jrCn7s/AuQ==}
    peerDependencies:
      '@deepseek-ai/cordis': ^4.0.3

  '@deepseek-ai/dsh-tools@0.1.7-alpha.1':
    resolution: {integrity: sha512-Ae/dRc4C9pqk1IOeRwLxlzsS1gogqLiG2meCVyzwbTTOptCBXPxGhdL2/vSvAOHqJx/czR4BkSoR6XevPUux3g==}
    peerDependencies:
      '@deepseek-ai/cordis': ^4.0.3
      '@deepseek-ai/dsh-agent': ^0.1.7-alpha.1
      '@deepseek-ai/dsh-invariants': ^0.1.7-alpha.1
      '@deepseek-ai/dsh-llm': ^0.1.7-alpha.1
      '@deepseek-ai/dsh-ptc-runtime': ^0.1.7-alpha.1
      '@deepseek-ai/dsh-sandbox': ^0.1.7-alpha.1
      '@deepseek-ai/dsh-sandbox-policy': ^0.1.7-alpha.1
      '@deepseek-ai/dsh-scope': ^0.1.7-alpha.1
      '@deepseek-ai/dsh-session': ^0.1.7-alpha.1
      '@deepseek-ai/dsh-system-prompt': ^0.1.7-alpha.1
      '@deepseek-ai/dsh-user-approval': ^0.1.7-alpha.1

  '@deepseek-ai/dsh-typert-protocol@0.1.7-alpha.1':
    resolution: {integrity: sha512-Qk4SQFqx6QAlPCpuEYaHa8DYr//uLNYxhO99kgSQopeN3pwR3Q/IOY1TfXq4m2bS7QG/VS+pXWcBX7qmcOwXmg==}
    peerDependencies:
      '@deepseek-ai/cordis': ^4.0.3

  '@deepseek-ai/dsh-user-approval@0.1.7-alpha.1':
    resolution: {integrity: sha512-eIAJrpMZkm+zcSiZ/cnwOGIf3AhFeZqVlrYesG9hzpVKuV3Sx+A4GhRkczX2M56GJma6x/rKUuAmS5rgfyttlA==}
    peerDependencies:
      '@deepseek-ai/cordis': ^4.0.3
      '@deepseek-ai/dsh-agent': ^0.1.7-alpha.1
      '@deepseek-ai/dsh-brand': ^0.1.7-alpha.1
      '@deepseek-ai/dsh-invariants': ^0.1.7-alpha.1
      '@deepseek-ai/dsh-llm': ^0.1.7-alpha.1
      '@deepseek-ai/dsh-scope': ^0.1.7-alpha.1
      '@deepseek-ai/dsh-session': ^0.1.7-alpha.1
      '@deepseek-ai/dsh-system-prompt': ^0.1.7-alpha.1

  '@deepseek-ai/dsh-user-questions@0.1.7-alpha.1':
    resolution: {integrity: sha512-DqtvMX+vaaAdtRRl8teU6mILTPa483B3CwjlnglFCe5oFqOY70KQw7zGp0S0AIQSqnisSKa3O2L2VoE74Tu/Rw==}
    peerDependencies:
      '@deepseek-ai/cordis': ^4.0.3
      '@deepseek-ai/dsh-agent': ^0.1.7-alpha.1
      '@deepseek-ai/dsh-llm': ^0.1.7-alpha.1
      '@deepseek-ai/dsh-scope': ^0.1.7-alpha.1

  '@deepseek-ai/dsh-util-crypto@0.1.7-alpha.1':
    resolution: {integrity: sha512-Mgh333fdJddda6E75ItLr9607jKzWpCmg4r/Ewcr380Xh5DXqsruQJLtfHpCE/8tm1e1p1E3z1Z76EOrYRfGEg==}
    peerDependencies:
      '@deepseek-ai/cordis': ^4.0.3

  '@deepseek-ai/dsh-util-values@0.1.7-alpha.1':
    resolution: {integrity: sha512-/jTTlIEgqt2SG2yX3vXDBXN5eJ36XMaGiFTeXjkwmFRdqxnjh0IOHS2DCTtHmxPL+8VhgvNNmfnNzU84K4lNeQ==}
    peerDependencies:
      '@deepseek-ai/cordis': ^4.0.3

  '@deepseek-ai/schemastery@3.18.3':
    resolution: {integrity: sha512-plZIZADuGLT/3PoYmUaEDZd0vG1rVahU89MevnxXsyQhFEi2D6DUuTJel7FUb3cUM9aCzqGMN99sHJe1RIushA==}

  '@oxlint/darwin-arm64@0.18.1':
    resolution: {integrity: sha512-FqDrcQJmEGNkgmZgI4wbCrGyJl1tiRZa3udxvyYaXag8W80A0zLFNCyWVvHIgUJ0DHlZjRc7O72xUGjiyvQrqQ==}
    cpu: [arm64]
    os: [darwin]

  '@oxlint/darwin-x64@0.18.1':
    resolution: {integrity: sha512-YUcyWBJdNuMcJxAwdV/i25/kvnKrVsA+vLn7SsL87cAwiD//rqGdOixk0r8sKUYa71Kx3h0Fg2ToUOjdE6ddYw==}
    cpu: [x64]
    os: [darwin]

  '@oxlint/linux-arm64-gnu@0.18.1':
    resolution: {integrity: sha512-ol3jhmUv5VI/omMrt6DkwY/jVTSVJlflFyU1SnSb/BuVVf3TyBiCHmZ4wVtcrcT5k3sWjrvYWw2kSozvmuE4tg==}
    cpu: [arm64]
    os: [linux]
    libc: [glibc]

  '@oxlint/linux-arm64-musl@0.18.1':
    resolution: {integrity: sha512-iKDj1ZwlU4KpXuIL1qkVP6NJzri2VSJreqXCIAe1Bf5RZXMAGSO3xjldgiX+HBvFOKSBIarLcqONYDbYco9uaQ==}
    cpu: [arm64]
    os: [linux]
    libc: [musl]

  '@oxlint/linux-x64-gnu@0.18.1':
    resolution: {integrity: sha512-A3g+fZhlOivUdK7xU/IrbhBcMHig5GLrfMX0HYjXL1fiSqKYu9n1o1p42WpT6KfPL3L2uncSg/iyg7hspcN6qA==}
    cpu: [x64]
    os: [linux]
    libc: [glibc]

  '@oxlint/linux-x64-musl@0.18.1':
    resolution: {integrity: sha512-LA02SdATWZEZBy8ZZpR2GlUbDg7+Jq1/WKkywMXqxdClkcoyyFozj8aQD2iTMKELSra4OSyqqZpOYroqjSSKmw==}
    cpu: [x64]
    os: [linux]
    libc: [musl]

  '@oxlint/win32-arm64@0.18.1':
    resolution: {integrity: sha512-FNL+OxDflqLGXRgLxfBM/X4RnLYgtOKTsb1mNSqsjSCEfUi1Oqivh7KvZ09IfAMZeJ85/fL6EI6hSOyY7nNYUg==}
    cpu: [arm64]
    os: [win32]

  '@oxlint/win32-x64@0.18.1':
    resolution: {integrity: sha512-W+aVE9Siqs6Oe3NDaDOTTOYsN9X3znl+whfqWK1EcLpqJXX1kdB8Hf45HkGjqnHoFoP96GRgUnXQHQvmUybjvg==}
    cpu: [x64]
    os: [win32]

  '@standard-schema/spec@1.1.0':
    resolution: {integrity: sha512-l2aFy5jALhniG5HgqrD6jXLi/rUWrKvqN/qJx6yoJsgKhblVd+iqqU4RCXavm/jPityDo5TCvKMnpjKnOriy0w==}

  '@types/node@22.20.1':
    resolution: {integrity: sha512-EANqOCF9QFyra+4pfxUcX9STKJpCLjMbObVzljIJomAWSnuSIEAvyzEU53GaajbXJEgdh0iEcPL+DGvpUd4k1Q==}

  argparse@2.0.1:
    resolution: {integrity: sha512-8+9WqebbFzpX9OR+Wa6O29asIogeRMzcGtAINdpMHHyAg10f05aSFVBbcEqGf/PXw1EjAZ+q2/bEBg3DvurK3Q==}

  js-yaml@4.3.1:
    resolution: {integrity: sha512-CY6crGq313MX8GkwvB7tzgp99vjQxY1++5y10/BKN/GUfHqWaOGQMNZkBvqSzsZKWk/ijwHlWzzkLulsGHhjWQ==}
    hasBin: true

  oxlint@0.18.1:
    resolution: {integrity: sha512-JGcQvbhd00Qb+nq4f9sYYRh7mZIb0K/7rbMepNdJDMzo8pbmBpx1N2XOG61RjHDsNnY6ImAmVk3h4QVwFenwUQ==}
    engines: {node: '>=8.*'}
    hasBin: true

  typescript@5.9.3:
    resolution: {integrity: sha512-jl1vZzPDinLr9eUt3J/t7V6FgNEw9QjvBPdysz9KfQDD41fQrC2Y4vKQdiaUpFT4bXlb1RHhLpp8wtm6M5TgSw==}
    engines: {node: '>=14.17'}
    hasBin: true

  undici-types@6.21.0:
    resolution: {integrity: sha512-iwDZqg0QAGrg9Rav5H4n0M64c3mkR59cJ6wQp+7C4nI0gsmExaedaYLNO44eT4AtBBwjbTiGPMlt2Md0T9H9JQ==}

  undici@8.10.2:
    resolution: {integrity: sha512-/y4/bH9YNU5hi9NIrpOuvGXFcxrj3CMrV+/AYpowAYTpHn8gX/XPFjNy766FPoYY0miQhdW977JFWKGNhBdwyQ==}
    engines: {node: '>=22.19.0'}

  zod@4.4.3:
    resolution: {integrity: sha512-ytENFjIJFl2UwYglde2jchW2Hwm4GJFLDiSXWdTrJQBIN9Fcyp7n4DhxJEiWNAJMV1/BqWfW/kkg71UDcHJyTQ==}

snapshots:

  '@deepseek-ai/cordis-plugin-include@1.0.8(@deepseek-ai/cordis-plugin-loader@1.0.4)(@deepseek-ai/cordis@4.0.3)':
    dependencies:
      '@deepseek-ai/cordis': 4.0.3(@deepseek-ai/cordis-plugin-include@1.0.8)(@deepseek-ai/cordis-plugin-loader@1.0.4)
      '@deepseek-ai/cordis-plugin-loader': 1.0.4(@deepseek-ai/cordis@4.0.3)
      '@deepseek-ai/cosmokit': 1.8.4
      js-yaml: 4.3.1

  '@deepseek-ai/cordis-plugin-loader@1.0.4(@deepseek-ai/cordis@4.0.3)':
    dependencies:
      '@deepseek-ai/cordis': 4.0.3(@deepseek-ai/cordis-plugin-include@1.0.8)(@deepseek-ai/cordis-plugin-loader@1.0.4)
      '@deepseek-ai/cosmokit': 1.8.4
      '@deepseek-ai/schemastery': 3.18.3

  '@deepseek-ai/cordis@4.0.3(@deepseek-ai/cordis-plugin-include@1.0.8)(@deepseek-ai/cordis-plugin-loader@1.0.4)':
    dependencies:
      '@deepseek-ai/cosmokit': 1.8.4
      '@standard-schema/spec': 1.1.0
    optionalDependencies:
      '@deepseek-ai/cordis-plugin-include': 1.0.8(@deepseek-ai/cordis-plugin-loader@1.0.4)(@deepseek-ai/cordis@4.0.3)
      '@deepseek-ai/cordis-plugin-loader': 1.0.4(@deepseek-ai/cordis@4.0.3)

  '@deepseek-ai/cosmokit@1.8.4': {}

  '@deepseek-ai/dsh-agent@0.1.1-rc.2(@deepseek-ai/cordis@4.0.3)(@deepseek-ai/dsh-invariants@0.1.1-rc.2(@deepseek-ai/cordis@4.0.3))(@deepseek-ai/dsh-llm@0.1.7-alpha.1(@deepseek-ai/cordis@4.0.3))(@deepseek-ai/dsh-scope@0.1.1-rc.2(@deepseek-ai/cordis@4.0.3)(@deepseek-ai/dsh-invariants@0.1.1-rc.2(@deepseek-ai/cordis@4.0.3)))(@deepseek-ai/dsh-session@0.1.7-alpha.1(@deepseek-ai/cordis@4.0.3)(@deepseek-ai/dsh-scope@0.1.1-rc.2(@deepseek-ai/cordis@4.0.3)(@deepseek-ai/dsh-invariants@0.1.1-rc.2(@deepseek-ai/cordis@4.0.3))))(@deepseek-ai/dsh-system-prompt@0.1.7-alpha.1(@deepseek-ai/cordis@4.0.3)(@deepseek-ai/dsh-invariants@0.1.1-rc.2(@deepseek-ai/cordis@4.0.3))(@deepseek-ai/dsh-llm@0.1.7-alpha.1(@deepseek-ai/cordis@4.0.3))(@deepseek-ai/dsh-scope@0.1.1-rc.2(@deepseek-ai/cordis@4.0.3)(@deepseek-ai/dsh-invariants@0.1.1-rc.2(@deepseek-ai/cordis@4.0.3))))(@deepseek-ai/dsh-typert-protocol@0.1.7-alpha.1(@deepseek-ai/cordis@4.0.3))':
    dependencies:
      '@deepseek-ai/cordis': 4.0.3(@deepseek-ai/cordis-plugin-include@1.0.8)(@deepseek-ai/cordis-plugin-loader@1.0.4)
      '@deepseek-ai/dsh-invariants': 0.1.1-rc.2(@deepseek-ai/cordis@4.0.3)
      '@deepseek-ai/dsh-llm': 0.1.7-alpha.1(@deepseek-ai/cordis@4.0.3)
      '@deepseek-ai/dsh-scope': 0.1.1-rc.2(@deepseek-ai/cordis@4.0.3)(@deepseek-ai/dsh-invariants@0.1.1-rc.2(@deepseek-ai/cordis@4.0.3))
      '@deepseek-ai/dsh-session': 0.1.7-alpha.1(@deepseek-ai/cordis@4.0.3)(@deepseek-ai/dsh-scope@0.1.1-rc.2(@deepseek-ai/cordis@4.0.3)(@deepseek-ai/dsh-invariants@0.1.1-rc.2(@deepseek-ai/cordis@4.0.3)))
      '@deepseek-ai/dsh-system-prompt': 0.1.7-alpha.1(@deepseek-ai/cordis@4.0.3)(@deepseek-ai/dsh-invariants@0.1.1-rc.2(@deepseek-ai/cordis@4.0.3))(@deepseek-ai/dsh-llm@0.1.7-alpha.1(@deepseek-ai/cordis@4.0.3))(@deepseek-ai/dsh-scope@0.1.1-rc.2(@deepseek-ai/cordis@4.0.3)(@deepseek-ai/dsh-invariants@0.1.1-rc.2(@deepseek-ai/cordis@4.0.3)))
      '@deepseek-ai/dsh-typert-protocol': 0.1.7-alpha.1(@deepseek-ai/cordis@4.0.3)

  '@deepseek-ai/dsh-attachment@0.1.7-alpha.1(@deepseek-ai/cordis@4.0.3)(@deepseek-ai/dsh-brand@0.1.7-alpha.1(@deepseek-ai/cordis@4.0.3))':
    dependencies:
      '@deepseek-ai/cordis': 4.0.3(@deepseek-ai/cordis-plugin-include@1.0.8)(@deepseek-ai/cordis-plugin-loader@1.0.4)
      '@deepseek-ai/dsh-brand': 0.1.7-alpha.1(@deepseek-ai/cordis@4.0.3)

  '@deepseek-ai/dsh-brand@0.1.7-alpha.1(@deepseek-ai/cordis@4.0.3)':
    dependencies:
      '@deepseek-ai/cordis': 4.0.3(@deepseek-ai/cordis-plugin-include@1.0.8)(@deepseek-ai/cordis-plugin-loader@1.0.4)

  '@deepseek-ai/dsh-commands@0.1.7-alpha.1(5cd93d5b625d3c9c1ef8231766e362e0)':
    dependencies:
      '@deepseek-ai/cordis': 4.0.3(@deepseek-ai/cordis-plugin-include@1.0.8)(@deepseek-ai/cordis-plugin-loader@1.0.4)
      '@deepseek-ai/dsh-agent': 0.1.1-rc.2(@deepseek-ai/cordis@4.0.3)(@deepseek-ai/dsh-invariants@0.1.1-rc.2(@deepseek-ai/cordis@4.0.3))(@deepseek-ai/dsh-llm@0.1.7-alpha.1(@deepseek-ai/cordis@4.0.3))(@deepseek-ai/dsh-scope@0.1.1-rc.2(@deepseek-ai/cordis@4.0.3)(@deepseek-ai/dsh-invariants@0.1.1-rc.2(@deepseek-ai/cordis@4.0.3)))(@deepseek-ai/dsh-session@0.1.7-alpha.1(@deepseek-ai/cordis@4.0.3)(@deepseek-ai/dsh-scope@0.1.1-rc.2(@deepseek-ai/cordis@4.0.3)(@deepseek-ai/dsh-invariants@0.1.1-rc.2(@deepseek-ai/cordis@4.0.3))))(@deepseek-ai/dsh-system-prompt@0.1.7-alpha.1(@deepseek-ai/cordis@4.0.3)(@deepseek-ai/dsh-invariants@0.1.1-rc.2(@deepseek-ai/cordis@4.0.3))(@deepseek-ai/dsh-llm@0.1.7-alpha.1(@deepseek-ai/cordis@4.0.3))(@deepseek-ai/dsh-scope@0.1.1-rc.2(@deepseek-ai/cordis@4.0.3)(@deepseek-ai/dsh-invariants@0.1.1-rc.2(@deepseek-ai/cordis@4.0.3))))(@deepseek-ai/dsh-typert-protocol@0.1.7-alpha.1(@deepseek-ai/cordis@4.0.3))
      '@deepseek-ai/dsh-attachment': 0.1.7-alpha.1(@deepseek-ai/cordis@4.0.3)(@deepseek-ai/dsh-brand@0.1.7-alpha.1(@deepseek-ai/cordis@4.0.3))
      '@deepseek-ai/dsh-brand': 0.1.7-alpha.1(@deepseek-ai/cordis@4.0.3)
      '@deepseek-ai/dsh-invariants': 0.1.1-rc.2(@deepseek-ai/cordis@4.0.3)
      '@deepseek-ai/dsh-llm': 0.1.7-alpha.1(@deepseek-ai/cordis@4.0.3)
      '@deepseek-ai/dsh-scope': 0.1.1-rc.2(@deepseek-ai/cordis@4.0.3)(@deepseek-ai/dsh-invariants@0.1.1-rc.2(@deepseek-ai/cordis@4.0.3))
      '@deepseek-ai/dsh-session': 0.1.7-alpha.1(@deepseek-ai/cordis@4.0.3)(@deepseek-ai/dsh-scope@0.1.1-rc.2(@deepseek-ai/cordis@4.0.3)(@deepseek-ai/dsh-invariants@0.1.1-rc.2(@deepseek-ai/cordis@4.0.3)))
      '@deepseek-ai/dsh-typert-protocol': 0.1.7-alpha.1(@deepseek-ai/cordis@4.0.3)
      '@deepseek-ai/dsh-util-crypto': 0.1.7-alpha.1(@deepseek-ai/cordis@4.0.3)
      zod: 4.4.3

  '@deepseek-ai/dsh-http-proxy@0.1.5-alpha.1(@deepseek-ai/cordis@4.0.3)':
    dependencies:
      '@deepseek-ai/cordis': 4.0.3(@deepseek-ai/cordis-plugin-include@1.0.8)(@deepseek-ai/cordis-plugin-loader@1.0.4)
      undici: 8.10.2

  '@deepseek-ai/dsh-invariants@0.1.1-rc.2(@deepseek-ai/cordis@4.0.3)':
    dependencies:
      '@deepseek-ai/cordis': 4.0.3(@deepseek-ai/cordis-plugin-include@1.0.8)(@deepseek-ai/cordis-plugin-loader@1.0.4)
      '@deepseek-ai/schemastery': 3.18.3

  '@deepseek-ai/dsh-llm@0.1.7-alpha.1(@deepseek-ai/cordis@4.0.3)':
    dependencies:
      '@deepseek-ai/cordis': 4.0.3(@deepseek-ai/cordis-plugin-include@1.0.8)(@deepseek-ai/cordis-plugin-loader@1.0.4)
      '@deepseek-ai/dsh-brand': 0.1.7-alpha.1(@deepseek-ai/cordis@4.0.3)
      '@deepseek-ai/dsh-timeout': 0.1.7-alpha.1(@deepseek-ai/cordis@4.0.3)
      '@deepseek-ai/dsh-typert-protocol': 0.1.7-alpha.1(@deepseek-ai/cordis@4.0.3)
      '@deepseek-ai/dsh-util-crypto': 0.1.7-alpha.1(@deepseek-ai/cordis@4.0.3)
      '@deepseek-ai/dsh-util-values': 0.1.7-alpha.1(@deepseek-ai/cordis@4.0.3)
      '@deepseek-ai/schemastery': 3.18.3
      zod: 4.4.3

  '@deepseek-ai/dsh-ptc-runtime@0.1.7-alpha.1(@deepseek-ai/cordis@4.0.3)(@deepseek-ai/dsh-sandbox@0.1.7-alpha.1(@deepseek-ai/cordis@4.0.3)(@deepseek-ai/dsh-llm@0.1.7-alpha.1(@deepseek-ai/cordis@4.0.3))(@deepseek-ai/dsh-session@0.1.7-alpha.1(@deepseek-ai/cordis@4.0.3)(@deepseek-ai/dsh-scope@0.1.1-rc.2(@deepseek-ai/cordis@4.0.3)(@deepseek-ai/dsh-invariants@0.1.1-rc.2(@deepseek-ai/cordis@4.0.3)))))':
    dependencies:
      '@deepseek-ai/cordis': 4.0.3(@deepseek-ai/cordis-plugin-include@1.0.8)(@deepseek-ai/cordis-plugin-loader@1.0.4)
      '@deepseek-ai/dsh-sandbox': 0.1.7-alpha.1(@deepseek-ai/cordis@4.0.3)(@deepseek-ai/dsh-llm@0.1.7-alpha.1(@deepseek-ai/cordis@4.0.3))(@deepseek-ai/dsh-session@0.1.7-alpha.1(@deepseek-ai/cordis@4.0.3)(@deepseek-ai/dsh-scope@0.1.1-rc.2(@deepseek-ai/cordis@4.0.3)(@deepseek-ai/dsh-invariants@0.1.1-rc.2(@deepseek-ai/cordis@4.0.3))))

  '@deepseek-ai/dsh-sandbox-policy@0.1.7-alpha.1(d5aa847a135618bc189e7a4de5663f03)':
    dependencies:
      '@deepseek-ai/cordis': 4.0.3(@deepseek-ai/cordis-plugin-include@1.0.8)(@deepseek-ai/cordis-plugin-loader@1.0.4)
      '@deepseek-ai/dsh-agent': 0.1.1-rc.2(@deepseek-ai/cordis@4.0.3)(@deepseek-ai/dsh-invariants@0.1.1-rc.2(@deepseek-ai/cordis@4.0.3))(@deepseek-ai/dsh-llm@0.1.7-alpha.1(@deepseek-ai/cordis@4.0.3))(@deepseek-ai/dsh-scope@0.1.1-rc.2(@deepseek-ai/cordis@4.0.3)(@deepseek-ai/dsh-invariants@0.1.1-rc.2(@deepseek-ai/cordis@4.0.3)))(@deepseek-ai/dsh-session@0.1.7-alpha.1(@deepseek-ai/cordis@4.0.3)(@deepseek-ai/dsh-scope@0.1.1-rc.2(@deepseek-ai/cordis@4.0.3)(@deepseek-ai/dsh-invariants@0.1.1-rc.2(@deepseek-ai/cordis@4.0.3))))(@deepseek-ai/dsh-system-prompt@0.1.7-alpha.1(@deepseek-ai/cordis@4.0.3)(@deepseek-ai/dsh-invariants@0.1.1-rc.2(@deepseek-ai/cordis@4.0.3))(@deepseek-ai/dsh-llm@0.1.7-alpha.1(@deepseek-ai/cordis@4.0.3))(@deepseek-ai/dsh-scope@0.1.1-rc.2(@deepseek-ai/cordis@4.0.3)(@deepseek-ai/dsh-invariants@0.1.1-rc.2(@deepseek-ai/cordis@4.0.3))))(@deepseek-ai/dsh-typert-protocol@0.1.7-alpha.1(@deepseek-ai/cordis@4.0.3))
      '@deepseek-ai/dsh-invariants': 0.1.1-rc.2(@deepseek-ai/cordis@4.0.3)
      '@deepseek-ai/dsh-sandbox': 0.1.7-alpha.1(@deepseek-ai/cordis@4.0.3)(@deepseek-ai/dsh-llm@0.1.7-alpha.1(@deepseek-ai/cordis@4.0.3))(@deepseek-ai/dsh-session@0.1.7-alpha.1(@deepseek-ai/cordis@4.0.3)(@deepseek-ai/dsh-scope@0.1.1-rc.2(@deepseek-ai/cordis@4.0.3)(@deepseek-ai/dsh-invariants@0.1.1-rc.2(@deepseek-ai/cordis@4.0.3))))
      '@deepseek-ai/dsh-session': 0.1.7-alpha.1(@deepseek-ai/cordis@4.0.3)(@deepseek-ai/dsh-scope@0.1.1-rc.2(@deepseek-ai/cordis@4.0.3)(@deepseek-ai/dsh-invariants@0.1.1-rc.2(@deepseek-ai/cordis@4.0.3)))
      '@deepseek-ai/dsh-session-projection': 0.1.6-alpha.2(@deepseek-ai/cordis@4.0.3)(@deepseek-ai/dsh-session@0.1.7-alpha.1(@deepseek-ai/cordis@4.0.3)(@deepseek-ai/dsh-scope@0.1.1-rc.2(@deepseek-ai/cordis@4.0.3)(@deepseek-ai/dsh-invariants@0.1.1-rc.2(@deepseek-ai/cordis@4.0.3))))
      '@deepseek-ai/dsh-system-prompt': 0.1.7-alpha.1(@deepseek-ai/cordis@4.0.3)(@deepseek-ai/dsh-invariants@0.1.1-rc.2(@deepseek-ai/cordis@4.0.3))(@deepseek-ai/dsh-llm@0.1.7-alpha.1(@deepseek-ai/cordis@4.0.3))(@deepseek-ai/dsh-scope@0.1.1-rc.2(@deepseek-ai/cordis@4.0.3)(@deepseek-ai/dsh-invariants@0.1.1-rc.2(@deepseek-ai/cordis@4.0.3)))
      '@deepseek-ai/schemastery': 3.18.3
      zod: 4.4.3

  '@deepseek-ai/dsh-sandbox@0.1.7-alpha.1(@deepseek-ai/cordis@4.0.3)(@deepseek-ai/dsh-llm@0.1.7-alpha.1(@deepseek-ai/cordis@4.0.3))(@deepseek-ai/dsh-session@0.1.7-alpha.1(@deepseek-ai/cordis@4.0.3)(@deepseek-ai/dsh-scope@0.1.1-rc.2(@deepseek-ai/cordis@4.0.3)(@deepseek-ai/dsh-invariants@0.1.1-rc.2(@deepseek-ai/cordis@4.0.3))))':
    dependencies:
      '@deepseek-ai/cordis': 4.0.3(@deepseek-ai/cordis-plugin-include@1.0.8)(@deepseek-ai/cordis-plugin-loader@1.0.4)
      '@deepseek-ai/dsh-llm': 0.1.7-alpha.1(@deepseek-ai/cordis@4.0.3)
      '@deepseek-ai/dsh-session': 0.1.7-alpha.1(@deepseek-ai/cordis@4.0.3)(@deepseek-ai/dsh-scope@0.1.1-rc.2(@deepseek-ai/cordis@4.0.3)(@deepseek-ai/dsh-invariants@0.1.1-rc.2(@deepseek-ai/cordis@4.0.3)))
      '@deepseek-ai/dsh-util-values': 0.1.7-alpha.1(@deepseek-ai/cordis@4.0.3)

  '@deepseek-ai/dsh-scope@0.1.1-rc.2(@deepseek-ai/cordis@4.0.3)(@deepseek-ai/dsh-invariants@0.1.1-rc.2(@deepseek-ai/cordis@4.0.3))':
    dependencies:
      '@deepseek-ai/cordis': 4.0.3(@deepseek-ai/cordis-plugin-include@1.0.8)(@deepseek-ai/cordis-plugin-loader@1.0.4)
      '@deepseek-ai/dsh-invariants': 0.1.1-rc.2(@deepseek-ai/cordis@4.0.3)

  '@deepseek-ai/dsh-session-format-v0-to-v1@0.1.7-alpha.1(@deepseek-ai/cordis@4.0.3)':
    dependencies:
      '@deepseek-ai/cordis': 4.0.3(@deepseek-ai/cordis-plugin-include@1.0.8)(@deepseek-ai/cordis-plugin-loader@1.0.4)
      '@deepseek-ai/dsh-session-format': 0.1.7-alpha.1(@deepseek-ai/cordis@4.0.3)
      '@deepseek-ai/dsh-util-values': 0.1.7-alpha.1(@deepseek-ai/cordis@4.0.3)

  '@deepseek-ai/dsh-session-format-v1-to-v2@0.1.7-alpha.1(@deepseek-ai/cordis@4.0.3)':
    dependencies:
      '@deepseek-ai/cordis': 4.0.3(@deepseek-ai/cordis-plugin-include@1.0.8)(@deepseek-ai/cordis-plugin-loader@1.0.4)
      '@deepseek-ai/dsh-llm': 0.1.7-alpha.1(@deepseek-ai/cordis@4.0.3)
      '@deepseek-ai/dsh-session-format': 0.1.7-alpha.1(@deepseek-ai/cordis@4.0.3)
      '@deepseek-ai/dsh-session-format-v0-to-v1': 0.1.7-alpha.1(@deepseek-ai/cordis@4.0.3)
      '@deepseek-ai/dsh-util-values': 0.1.7-alpha.1(@deepseek-ai/cordis@4.0.3)

  '@deepseek-ai/dsh-session-format-v2-to-v3@0.1.7-alpha.1(@deepseek-ai/cordis@4.0.3)':
    dependencies:
      '@deepseek-ai/cordis': 4.0.3(@deepseek-ai/cordis-plugin-include@1.0.8)(@deepseek-ai/cordis-plugin-loader@1.0.4)
      '@deepseek-ai/dsh-session-format': 0.1.7-alpha.1(@deepseek-ai/cordis@4.0.3)
      '@deepseek-ai/dsh-session-format-v0-to-v1': 0.1.7-alpha.1(@deepseek-ai/cordis@4.0.3)
      '@deepseek-ai/dsh-session-format-v1-to-v2': 0.1.7-alpha.1(@deepseek-ai/cordis@4.0.3)

  '@deepseek-ai/dsh-session-format-v3-to-v4@0.1.7-alpha.1(@deepseek-ai/cordis@4.0.3)':
    dependencies:
      '@deepseek-ai/cordis': 4.0.3(@deepseek-ai/cordis-plugin-include@1.0.8)(@deepseek-ai/cordis-plugin-loader@1.0.4)
      '@deepseek-ai/dsh-session-format': 0.1.7-alpha.1(@deepseek-ai/cordis@4.0.3)
      '@deepseek-ai/dsh-session-format-v2-to-v3': 0.1.7-alpha.1(@deepseek-ai/cordis@4.0.3)

  '@deepseek-ai/dsh-session-format@0.1.7-alpha.1(@deepseek-ai/cordis@4.0.3)':
    dependencies:
      '@deepseek-ai/cordis': 4.0.3(@deepseek-ai/cordis-plugin-include@1.0.8)(@deepseek-ai/cordis-plugin-loader@1.0.4)
      '@deepseek-ai/dsh-util-values': 0.1.7-alpha.1(@deepseek-ai/cordis@4.0.3)

  '@deepseek-ai/dsh-session-projection@0.1.6-alpha.2(@deepseek-ai/cordis@4.0.3)(@deepseek-ai/dsh-session@0.1.7-alpha.1(@deepseek-ai/cordis@4.0.3)(@deepseek-ai/dsh-scope@0.1.1-rc.2(@deepseek-ai/cordis@4.0.3)(@deepseek-ai/dsh-invariants@0.1.1-rc.2(@deepseek-ai/cordis@4.0.3))))':
    dependencies:
      '@deepseek-ai/cordis': 4.0.3(@deepseek-ai/cordis-plugin-include@1.0.8)(@deepseek-ai/cordis-plugin-loader@1.0.4)
      '@deepseek-ai/dsh-session': 0.1.7-alpha.1(@deepseek-ai/cordis@4.0.3)(@deepseek-ai/dsh-scope@0.1.1-rc.2(@deepseek-ai/cordis@4.0.3)(@deepseek-ai/dsh-invariants@0.1.1-rc.2(@deepseek-ai/cordis@4.0.3)))
      zod: 4.4.3

  '@deepseek-ai/dsh-session@0.1.7-alpha.1(@deepseek-ai/cordis@4.0.3)(@deepseek-ai/dsh-scope@0.1.1-rc.2(@deepseek-ai/cordis@4.0.3)(@deepseek-ai/dsh-invariants@0.1.1-rc.2(@deepseek-ai/cordis@4.0.3)))':
    dependencies:
      '@deepseek-ai/cordis': 4.0.3(@deepseek-ai/cordis-plugin-include@1.0.8)(@deepseek-ai/cordis-plugin-loader@1.0.4)
      '@deepseek-ai/dsh-brand': 0.1.7-alpha.1(@deepseek-ai/cordis@4.0.3)
      '@deepseek-ai/dsh-llm': 0.1.7-alpha.1(@deepseek-ai/cordis@4.0.3)
      '@deepseek-ai/dsh-scope': 0.1.1-rc.2(@deepseek-ai/cordis@4.0.3)(@deepseek-ai/dsh-invariants@0.1.1-rc.2(@deepseek-ai/cordis@4.0.3))
      '@deepseek-ai/dsh-util-values': 0.1.7-alpha.1(@deepseek-ai/cordis@4.0.3)

  '@deepseek-ai/dsh-storage-domain@0.1.7-alpha.1(@deepseek-ai/cordis@4.0.3)(@deepseek-ai/dsh-invariants@0.1.1-rc.2(@deepseek-ai/cordis@4.0.3))(@deepseek-ai/dsh-storage@0.1.7-alpha.1(@deepseek-ai/cordis@4.0.3))':
    dependencies:
      '@deepseek-ai/cordis': 4.0.3(@deepseek-ai/cordis-plugin-include@1.0.8)(@deepseek-ai/cordis-plugin-loader@1.0.4)
      '@deepseek-ai/dsh-invariants': 0.1.1-rc.2(@deepseek-ai/cordis@4.0.3)
      '@deepseek-ai/dsh-storage': 0.1.7-alpha.1(@deepseek-ai/cordis@4.0.3)
      '@deepseek-ai/schemastery': 3.18.3
      zod: 4.4.3

  '@deepseek-ai/dsh-storage-json@0.1.7-alpha.1(@deepseek-ai/cordis@4.0.3)(@deepseek-ai/dsh-storage@0.1.7-alpha.1(@deepseek-ai/cordis@4.0.3))':
    dependencies:
      '@deepseek-ai/cordis': 4.0.3(@deepseek-ai/cordis-plugin-include@1.0.8)(@deepseek-ai/cordis-plugin-loader@1.0.4)
      '@deepseek-ai/dsh-storage': 0.1.7-alpha.1(@deepseek-ai/cordis@4.0.3)
      '@deepseek-ai/schemastery': 3.18.3

  '@deepseek-ai/dsh-storage@0.1.7-alpha.1(@deepseek-ai/cordis@4.0.3)':
    dependencies:
      '@deepseek-ai/cordis': 4.0.3(@deepseek-ai/cordis-plugin-include@1.0.8)(@deepseek-ai/cordis-plugin-loader@1.0.4)

  '@deepseek-ai/dsh-subprocess@0.1.7-alpha.1(@deepseek-ai/cordis@4.0.3)(@deepseek-ai/dsh-http-proxy@0.1.5-alpha.1(@deepseek-ai/cordis@4.0.3))':
    dependencies:
      '@deepseek-ai/cordis': 4.0.3(@deepseek-ai/cordis-plugin-include@1.0.8)(@deepseek-ai/cordis-plugin-loader@1.0.4)
      '@deepseek-ai/dsh-http-proxy': 0.1.5-alpha.1(@deepseek-ai/cordis@4.0.3)

  '@deepseek-ai/dsh-system-prompt@0.1.7-alpha.1(@deepseek-ai/cordis@4.0.3)(@deepseek-ai/dsh-invariants@0.1.1-rc.2(@deepseek-ai/cordis@4.0.3))(@deepseek-ai/dsh-llm@0.1.7-alpha.1(@deepseek-ai/cordis@4.0.3))(@deepseek-ai/dsh-scope@0.1.1-rc.2(@deepseek-ai/cordis@4.0.3)(@deepseek-ai/dsh-invariants@0.1.1-rc.2(@deepseek-ai/cordis@4.0.3)))':
    dependencies:
      '@deepseek-ai/cordis': 4.0.3(@deepseek-ai/cordis-plugin-include@1.0.8)(@deepseek-ai/cordis-plugin-loader@1.0.4)
      '@deepseek-ai/dsh-invariants': 0.1.1-rc.2(@deepseek-ai/cordis@4.0.3)
      '@deepseek-ai/dsh-llm': 0.1.7-alpha.1(@deepseek-ai/cordis@4.0.3)
      '@deepseek-ai/dsh-scope': 0.1.1-rc.2(@deepseek-ai/cordis@4.0.3)(@deepseek-ai/dsh-invariants@0.1.1-rc.2(@deepseek-ai/cordis@4.0.3))
      '@deepseek-ai/schemastery': 3.18.3

  '@deepseek-ai/dsh-timeout@0.1.7-alpha.1(@deepseek-ai/cordis@4.0.3)':
    dependencies:
      '@deepseek-ai/cordis': 4.0.3(@deepseek-ai/cordis-plugin-include@1.0.8)(@deepseek-ai/cordis-plugin-loader@1.0.4)

  '@deepseek-ai/dsh-tools@0.1.7-alpha.1(a97770b3efef875b667d1f6f5fe0047e)':
    dependencies:
      '@deepseek-ai/cordis': 4.0.3(@deepseek-ai/cordis-plugin-include@1.0.8)(@deepseek-ai/cordis-plugin-loader@1.0.4)
      '@deepseek-ai/dsh-agent': 0.1.1-rc.2(@deepseek-ai/cordis@4.0.3)(@deepseek-ai/dsh-invariants@0.1.1-rc.2(@deepseek-ai/cordis@4.0.3))(@deepseek-ai/dsh-llm@0.1.7-alpha.1(@deepseek-ai/cordis@4.0.3))(@deepseek-ai/dsh-scope@0.1.1-rc.2(@deepseek-ai/cordis@4.0.3)(@deepseek-ai/dsh-invariants@0.1.1-rc.2(@deepseek-ai/cordis@4.0.3)))(@deepseek-ai/dsh-session@0.1.7-alpha.1(@deepseek-ai/cordis@4.0.3)(@deepseek-ai/dsh-scope@0.1.1-rc.2(@deepseek-ai/cordis@4.0.3)(@deepseek-ai/dsh-invariants@0.1.1-rc.2(@deepseek-ai/cordis@4.0.3))))(@deepseek-ai/dsh-system-prompt@0.1.7-alpha.1(@deepseek-ai/cordis@4.0.3)(@deepseek-ai/dsh-invariants@0.1.1-rc.2(@deepseek-ai/cordis@4.0.3))(@deepseek-ai/dsh-llm@0.1.7-alpha.1(@deepseek-ai/cordis@4.0.3))(@deepseek-ai/dsh-scope@0.1.1-rc.2(@deepseek-ai/cordis@4.0.3)(@deepseek-ai/dsh-invariants@0.1.1-rc.2(@deepseek-ai/cordis@4.0.3))))(@deepseek-ai/dsh-typert-protocol@0.1.7-alpha.1(@deepseek-ai/cordis@4.0.3))
      '@deepseek-ai/dsh-brand': 0.1.7-alpha.1(@deepseek-ai/cordis@4.0.3)
      '@deepseek-ai/dsh-invariants': 0.1.1-rc.2(@deepseek-ai/cordis@4.0.3)
      '@deepseek-ai/dsh-llm': 0.1.7-alpha.1(@deepseek-ai/cordis@4.0.3)
      '@deepseek-ai/dsh-ptc-runtime': 0.1.7-alpha.1(@deepseek-ai/cordis@4.0.3)(@deepseek-ai/dsh-sandbox@0.1.7-alpha.1(@deepseek-ai/cordis@4.0.3)(@deepseek-ai/dsh-llm@0.1.7-alpha.1(@deepseek-ai/cordis@4.0.3))(@deepseek-ai/dsh-session@0.1.7-alpha.1(@deepseek-ai/cordis@4.0.3)(@deepseek-ai/dsh-scope@0.1.1-rc.2(@deepseek-ai/cordis@4.0.3)(@deepseek-ai/dsh-invariants@0.1.1-rc.2(@deepseek-ai/cordis@4.0.3)))))
      '@deepseek-ai/dsh-sandbox': 0.1.7-alpha.1(@deepseek-ai/cordis@4.0.3)(@deepseek-ai/dsh-llm@0.1.7-alpha.1(@deepseek-ai/cordis@4.0.3))(@deepseek-ai/dsh-session@0.1.7-alpha.1(@deepseek-ai/cordis@4.0.3)(@deepseek-ai/dsh-scope@0.1.1-rc.2(@deepseek-ai/cordis@4.0.3)(@deepseek-ai/dsh-invariants@0.1.1-rc.2(@deepseek-ai/cordis@4.0.3))))
      '@deepseek-ai/dsh-sandbox-policy': 0.1.7-alpha.1(d5aa847a135618bc189e7a4de5663f03)
      '@deepseek-ai/dsh-scope': 0.1.1-rc.2(@deepseek-ai/cordis@4.0.3)(@deepseek-ai/dsh-invariants@0.1.1-rc.2(@deepseek-ai/cordis@4.0.3))
      '@deepseek-ai/dsh-session': 0.1.7-alpha.1(@deepseek-ai/cordis@4.0.3)(@deepseek-ai/dsh-scope@0.1.1-rc.2(@deepseek-ai/cordis@4.0.3)(@deepseek-ai/dsh-invariants@0.1.1-rc.2(@deepseek-ai/cordis@4.0.3)))
      '@deepseek-ai/dsh-system-prompt': 0.1.7-alpha.1(@deepseek-ai/cordis@4.0.3)(@deepseek-ai/dsh-invariants@0.1.1-rc.2(@deepseek-ai/cordis@4.0.3))(@deepseek-ai/dsh-llm@0.1.7-alpha.1(@deepseek-ai/cordis@4.0.3))(@deepseek-ai/dsh-scope@0.1.1-rc.2(@deepseek-ai/cordis@4.0.3)(@deepseek-ai/dsh-invariants@0.1.1-rc.2(@deepseek-ai/cordis@4.0.3)))
      '@deepseek-ai/dsh-user-approval': 0.1.7-alpha.1(029699d54837441ea1c8213e12a4942a)
      '@deepseek-ai/dsh-util-values': 0.1.7-alpha.1(@deepseek-ai/cordis@4.0.3)
      '@deepseek-ai/schemastery': 3.18.3

  '@deepseek-ai/dsh-typert-protocol@0.1.7-alpha.1(@deepseek-ai/cordis@4.0.3)':
    dependencies:
      '@deepseek-ai/cordis': 4.0.3(@deepseek-ai/cordis-plugin-include@1.0.8)(@deepseek-ai/cordis-plugin-loader@1.0.4)
      '@deepseek-ai/dsh-brand': 0.1.7-alpha.1(@deepseek-ai/cordis@4.0.3)

  '@deepseek-ai/dsh-user-approval@0.1.7-alpha.1(029699d54837441ea1c8213e12a4942a)':
    dependencies:
      '@deepseek-ai/cordis': 4.0.3(@deepseek-ai/cordis-plugin-include@1.0.8)(@deepseek-ai/cordis-plugin-loader@1.0.4)
      '@deepseek-ai/dsh-agent': 0.1.1-rc.2(@deepseek-ai/cordis@4.0.3)(@deepseek-ai/dsh-invariants@0.1.1-rc.2(@deepseek-ai/cordis@4.0.3))(@deepseek-ai/dsh-llm@0.1.7-alpha.1(@deepseek-ai/cordis@4.0.3))(@deepseek-ai/dsh-scope@0.1.1-rc.2(@deepseek-ai/cordis@4.0.3)(@deepseek-ai/dsh-invariants@0.1.1-rc.2(@deepseek-ai/cordis@4.0.3)))(@deepseek-ai/dsh-session@0.1.7-alpha.1(@deepseek-ai/cordis@4.0.3)(@deepseek-ai/dsh-scope@0.1.1-rc.2(@deepseek-ai/cordis@4.0.3)(@deepseek-ai/dsh-invariants@0.1.1-rc.2(@deepseek-ai/cordis@4.0.3))))(@deepseek-ai/dsh-system-prompt@0.1.7-alpha.1(@deepseek-ai/cordis@4.0.3)(@deepseek-ai/dsh-invariants@0.1.1-rc.2(@deepseek-ai/cordis@4.0.3))(@deepseek-ai/dsh-llm@0.1.7-alpha.1(@deepseek-ai/cordis@4.0.3))(@deepseek-ai/dsh-scope@0.1.1-rc.2(@deepseek-ai/cordis@4.0.3)(@deepseek-ai/dsh-invariants@0.1.1-rc.2(@deepseek-ai/cordis@4.0.3))))(@deepseek-ai/dsh-typert-protocol@0.1.7-alpha.1(@deepseek-ai/cordis@4.0.3))
      '@deepseek-ai/dsh-brand': 0.1.7-alpha.1(@deepseek-ai/cordis@4.0.3)
      '@deepseek-ai/dsh-invariants': 0.1.1-rc.2(@deepseek-ai/cordis@4.0.3)
      '@deepseek-ai/dsh-llm': 0.1.7-alpha.1(@deepseek-ai/cordis@4.0.3)
      '@deepseek-ai/dsh-scope': 0.1.1-rc.2(@deepseek-ai/cordis@4.0.3)(@deepseek-ai/dsh-invariants@0.1.1-rc.2(@deepseek-ai/cordis@4.0.3))
      '@deepseek-ai/dsh-session': 0.1.7-alpha.1(@deepseek-ai/cordis@4.0.3)(@deepseek-ai/dsh-scope@0.1.1-rc.2(@deepseek-ai/cordis@4.0.3)(@deepseek-ai/dsh-invariants@0.1.1-rc.2(@deepseek-ai/cordis@4.0.3)))
      '@deepseek-ai/dsh-system-prompt': 0.1.7-alpha.1(@deepseek-ai/cordis@4.0.3)(@deepseek-ai/dsh-invariants@0.1.1-rc.2(@deepseek-ai/cordis@4.0.3))(@deepseek-ai/dsh-llm@0.1.7-alpha.1(@deepseek-ai/cordis@4.0.3))(@deepseek-ai/dsh-scope@0.1.1-rc.2(@deepseek-ai/cordis@4.0.3)(@deepseek-ai/dsh-invariants@0.1.1-rc.2(@deepseek-ai/cordis@4.0.3)))
      '@deepseek-ai/schemastery': 3.18.3

  '@deepseek-ai/dsh-user-questions@0.1.7-alpha.1(b2e9bf3b9ac8b75023784ecda75cf9cf)':
    dependencies:
      '@deepseek-ai/cordis': 4.0.3(@deepseek-ai/cordis-plugin-include@1.0.8)(@deepseek-ai/cordis-plugin-loader@1.0.4)
      '@deepseek-ai/dsh-agent': 0.1.1-rc.2(@deepseek-ai/cordis@4.0.3)(@deepseek-ai/dsh-invariants@0.1.1-rc.2(@deepseek-ai/cordis@4.0.3))(@deepseek-ai/dsh-llm@0.1.7-alpha.1(@deepseek-ai/cordis@4.0.3))(@deepseek-ai/dsh-scope@0.1.1-rc.2(@deepseek-ai/cordis@4.0.3)(@deepseek-ai/dsh-invariants@0.1.1-rc.2(@deepseek-ai/cordis@4.0.3)))(@deepseek-ai/dsh-session@0.1.7-alpha.1(@deepseek-ai/cordis@4.0.3)(@deepseek-ai/dsh-scope@0.1.1-rc.2(@deepseek-ai/cordis@4.0.3)(@deepseek-ai/dsh-invariants@0.1.1-rc.2(@deepseek-ai/cordis@4.0.3))))(@deepseek-ai/dsh-system-prompt@0.1.7-alpha.1(@deepseek-ai/cordis@4.0.3)(@deepseek-ai/dsh-invariants@0.1.1-rc.2(@deepseek-ai/cordis@4.0.3))(@deepseek-ai/dsh-llm@0.1.7-alpha.1(@deepseek-ai/cordis@4.0.3))(@deepseek-ai/dsh-scope@0.1.1-rc.2(@deepseek-ai/cordis@4.0.3)(@deepseek-ai/dsh-invariants@0.1.1-rc.2(@deepseek-ai/cordis@4.0.3))))(@deepseek-ai/dsh-typert-protocol@0.1.7-alpha.1(@deepseek-ai/cordis@4.0.3))
      '@deepseek-ai/dsh-llm': 0.1.7-alpha.1(@deepseek-ai/cordis@4.0.3)
      '@deepseek-ai/dsh-scope': 0.1.1-rc.2(@deepseek-ai/cordis@4.0.3)(@deepseek-ai/dsh-invariants@0.1.1-rc.2(@deepseek-ai/cordis@4.0.3))

  '@deepseek-ai/dsh-util-crypto@0.1.7-alpha.1(@deepseek-ai/cordis@4.0.3)':
    dependencies:
      '@deepseek-ai/cordis': 4.0.3(@deepseek-ai/cordis-plugin-include@1.0.8)(@deepseek-ai/cordis-plugin-loader@1.0.4)

  '@deepseek-ai/dsh-util-values@0.1.7-alpha.1(@deepseek-ai/cordis@4.0.3)':
    dependencies:
      '@deepseek-ai/cordis': 4.0.3(@deepseek-ai/cordis-plugin-include@1.0.8)(@deepseek-ai/cordis-plugin-loader@1.0.4)

  '@deepseek-ai/schemastery@3.18.3':
    dependencies:
      '@deepseek-ai/cosmokit': 1.8.4
      '@standard-schema/spec': 1.1.0

  '@oxlint/darwin-arm64@0.18.1':
    optional: true

  '@oxlint/darwin-x64@0.18.1':
    optional: true

  '@oxlint/linux-arm64-gnu@0.18.1':
    optional: true

  '@oxlint/linux-arm64-musl@0.18.1':
    optional: true

  '@oxlint/linux-x64-gnu@0.18.1':
    optional: true

  '@oxlint/linux-x64-musl@0.18.1':
    optional: true

  '@oxlint/win32-arm64@0.18.1':
    optional: true

  '@oxlint/win32-x64@0.18.1':
    optional: true

  '@standard-schema/spec@1.1.0': {}

  '@types/node@22.20.1':
    dependencies:
      undici-types: 6.21.0

  argparse@2.0.1: {}

  js-yaml@4.3.1:
    dependencies:
      argparse: 2.0.1

  oxlint@0.18.1:
    optionalDependencies:
      '@oxlint/darwin-arm64': 0.18.1
      '@oxlint/darwin-x64': 0.18.1
      '@oxlint/linux-arm64-gnu': 0.18.1
      '@oxlint/linux-arm64-musl': 0.18.1
      '@oxlint/linux-x64-gnu': 0.18.1
      '@oxlint/linux-x64-musl': 0.18.1
      '@oxlint/win32-arm64': 0.18.1
      '@oxlint/win32-x64': 0.18.1

  typescript@5.9.3: {}

  undici-types@6.21.0: {}

  undici@8.10.2: {}

  zod@4.4.3: {}
