lockfileVersion: '9.0'

settings:
  autoInstallPeers: true
  excludeLinksFromLockfile: false

overrides:
  '@deepseek-ai/cordis': ^4.0.3
  '@deepseek-ai/cosmokit': ^1.8.4
  '@deepseek-ai/schemastery': ^3.18.3
  dsh-session-sync: link:.

importers:

  .:
    dependencies:
      '@deepseek-ai/dsh-session-projection':
        specifier: '>=0.1.2-rc.1 <0.2.0 || >=0.1.5-alpha.1 <0.2.0 || >=0.1.6-0 <0.2.0 || >=0.1.7-0 <0.2.0'
        version: 0.1.6-alpha.2(@deepseek-ai/cordis@4.0.3)(@deepseek-ai/dsh-session@0.1.7-rc.2(@deepseek-ai/cordis@4.0.3)(@deepseek-ai/dsh-scope@0.1.7-rc.2(@deepseek-ai/cordis@4.0.3)(@deepseek-ai/dsh-invariants@0.1.7-rc.2(@deepseek-ai/cordis@4.0.3))))
      zod:
        specifier: ^4.4.3
        version: 4.4.3
    devDependencies:
      '@deepseek-ai/cordis':
        specifier: ^4.0.3
        version: 4.0.3(@deepseek-ai/cordis-plugin-include@1.0.8)(@deepseek-ai/cordis-plugin-loader@1.0.4)
      '@deepseek-ai/cordis-plugin-include':
        specifier: ^1.0.8
        version: 1.0.8(@deepseek-ai/cordis-plugin-loader@1.0.4)(@deepseek-ai/cordis@4.0.3)
      '@deepseek-ai/cordis-plugin-loader':
        specifier: ^1.0.4
        version: 1.0.4(@deepseek-ai/cordis@4.0.3)
      '@deepseek-ai/dsh-attachment':
        specifier: 0.1.7-rc.2
        version: 0.1.7-rc.2(@deepseek-ai/cordis@4.0.3)(@deepseek-ai/dsh-brand@0.1.7-rc.2(@deepseek-ai/cordis@4.0.3))
      '@deepseek-ai/dsh-commands':
        specifier: 0.1.7-rc.2
        version: 0.1.7-rc.2(@deepseek-ai/cordis@4.0.3)(@deepseek-ai/dsh-agent@0.1.7-rc.2(99fdbfeea121ad5d8cd8944d2e87306f))(@deepseek-ai/dsh-attachment@0.1.7-rc.2(@deepseek-ai/cordis@4.0.3)(@deepseek-ai/dsh-brand@0.1.7-rc.2(@deepseek-ai/cordis@4.0.3)))(@deepseek-ai/dsh-brand@0.1.7-rc.2(@deepseek-ai/cordis@4.0.3))(@deepseek-ai/dsh-invariants@0.1.7-rc.2(@deepseek-ai/cordis@4.0.3))(@deepseek-ai/dsh-llm@0.1.7-rc.2(@deepseek-ai/cordis@4.0.3))(@deepseek-ai/dsh-scope@0.1.7-rc.2(@deepseek-ai/cordis@4.0.3)(@deepseek-ai/dsh-invariants@0.1.7-rc.2(@deepseek-ai/cordis@4.0.3)))(@deepseek-ai/dsh-session@0.1.7-rc.2(@deepseek-ai/cordis@4.0.3)(@deepseek-ai/dsh-scope@0.1.7-rc.2(@deepseek-ai/cordis@4.0.3)(@deepseek-ai/dsh-invariants@0.1.7-rc.2(@deepseek-ai/cordis@4.0.3))))(@deepseek-ai/dsh-typert-protocol@0.1.7-rc.2(@deepseek-ai/cordis@4.0.3))
      '@deepseek-ai/dsh-llm':
        specifier: 0.1.7-rc.2
        version: 0.1.7-rc.2(@deepseek-ai/cordis@4.0.3)
      '@deepseek-ai/dsh-session':
        specifier: 0.1.7-rc.2
        version: 0.1.7-rc.2(@deepseek-ai/cordis@4.0.3)(@deepseek-ai/dsh-scope@0.1.7-rc.2(@deepseek-ai/cordis@4.0.3)(@deepseek-ai/dsh-invariants@0.1.7-rc.2(@deepseek-ai/cordis@4.0.3)))
      '@deepseek-ai/dsh-session-format-v3-to-v4':
        specifier: 0.1.7-rc.2
        version: 0.1.7-rc.2(@deepseek-ai/cordis@4.0.3)
      '@deepseek-ai/dsh-storage':
        specifier: 0.1.7-rc.2
        version: 0.1.7-rc.2(@deepseek-ai/cordis@4.0.3)
      '@deepseek-ai/dsh-storage-domain':
        specifier: 0.1.7-rc.2
        version: 0.1.7-rc.2(@deepseek-ai/cordis@4.0.3)(@deepseek-ai/dsh-invariants@0.1.7-rc.2(@deepseek-ai/cordis@4.0.3))(@deepseek-ai/dsh-storage@0.1.7-rc.2(@deepseek-ai/cordis@4.0.3))
      '@deepseek-ai/dsh-storage-json':
        specifier: 0.1.7-rc.2
        version: 0.1.7-rc.2(@deepseek-ai/cordis@4.0.3)(@deepseek-ai/dsh-storage@0.1.7-rc.2(@deepseek-ai/cordis@4.0.3))
      '@deepseek-ai/dsh-subprocess':
        specifier: 0.1.7-rc.2
        version: 0.1.7-rc.2(@deepseek-ai/cordis@4.0.3)(@deepseek-ai/dsh-http-proxy@0.1.7-rc.2(@deepseek-ai/cordis@4.0.3))
      '@deepseek-ai/dsh-system-prompt':
        specifier: 0.1.7-rc.2
        version: 0.1.7-rc.2(@deepseek-ai/cordis@4.0.3)(@deepseek-ai/dsh-invariants@0.1.7-rc.2(@deepseek-ai/cordis@4.0.3))(@deepseek-ai/dsh-llm@0.1.7-rc.2(@deepseek-ai/cordis@4.0.3))(@deepseek-ai/dsh-scope@0.1.7-rc.2(@deepseek-ai/cordis@4.0.3)(@deepseek-ai/dsh-invariants@0.1.7-rc.2(@deepseek-ai/cordis@4.0.3)))
      '@deepseek-ai/dsh-tools':
        specifier: 0.1.7-rc.2
        version: 0.1.7-rc.2(29f6d2a1980e8dd5f756418cf2002002)
      '@deepseek-ai/dsh-user-approval':
        specifier: 0.1.7-rc.2
        version: 0.1.7-rc.2(@deepseek-ai/cordis@4.0.3)(@deepseek-ai/dsh-agent@0.1.7-rc.2(99fdbfeea121ad5d8cd8944d2e87306f))(@deepseek-ai/dsh-brand@0.1.7-rc.2(@deepseek-ai/cordis@4.0.3))(@deepseek-ai/dsh-invariants@0.1.7-rc.2(@deepseek-ai/cordis@4.0.3))(@deepseek-ai/dsh-llm@0.1.7-rc.2(@deepseek-ai/cordis@4.0.3))(@deepseek-ai/dsh-scope@0.1.7-rc.2(@deepseek-ai/cordis@4.0.3)(@deepseek-ai/dsh-invariants@0.1.7-rc.2(@deepseek-ai/cordis@4.0.3)))(@deepseek-ai/dsh-session@0.1.7-rc.2(@deepseek-ai/cordis@4.0.3)(@deepseek-ai/dsh-scope@0.1.7-rc.2(@deepseek-ai/cordis@4.0.3)(@deepseek-ai/dsh-invariants@0.1.7-rc.2(@deepseek-ai/cordis@4.0.3))))(@deepseek-ai/dsh-system-prompt@0.1.7-rc.2(@deepseek-ai/cordis@4.0.3)(@deepseek-ai/dsh-invariants@0.1.7-rc.2(@deepseek-ai/cordis@4.0.3))(@deepseek-ai/dsh-llm@0.1.7-rc.2(@deepseek-ai/cordis@4.0.3))(@deepseek-ai/dsh-scope@0.1.7-rc.2(@deepseek-ai/cordis@4.0.3)(@deepseek-ai/dsh-invariants@0.1.7-rc.2(@deepseek-ai/cordis@4.0.3))))
      '@deepseek-ai/dsh-user-questions':
        specifier: 0.1.7-rc.2
        version: 0.1.7-rc.2(@deepseek-ai/cordis@4.0.3)(@deepseek-ai/dsh-agent@0.1.7-rc.2(99fdbfeea121ad5d8cd8944d2e87306f))(@deepseek-ai/dsh-llm@0.1.7-rc.2(@deepseek-ai/cordis@4.0.3))(@deepseek-ai/dsh-scope@0.1.7-rc.2(@deepseek-ai/cordis@4.0.3)(@deepseek-ai/dsh-invariants@0.1.7-rc.2(@deepseek-ai/cordis@4.0.3)))
      '@deepseek-ai/schemastery':
        specifier: ^3.18.3
        version: 3.18.3
      '@types/node':
        specifier: ^22.19.0
        version: 22.20.1
      oxlint:
        specifier: 0.18.1
        version: 0.18.1
      typescript:
        specifier: ^5.9.0
        version: 5.9.3

packages:

  '@deepseek-ai/cordis-plugin-include@1.0.8':
    resolution: {integrity: sha512-gJ30lHoLTGXUtfyoLtAIVNQZSmLC/dp7wC1XBmhMyvYzmQqmhB8/TwCSAlL2NVpJSJzy8QtJQKDUdApoH6YljA==}
    peerDependencies:
      '@deepseek-ai/cordis': ^4.0.3
      '@deepseek-ai/cordis-plugin-loader': ^1.0.4

  '@deepseek-ai/cordis-plugin-loader@1.0.4':
    resolution: {integrity: sha512-7qiTfu9NdyqabmHmj+/k/qVSZu0F5b6Mkh2Q9WYRI/dRCr/PwGYvYObUu7aKvUKfxUodVmbfUgl6R5YAji35zA==}
    peerDependencies:
      '@deepseek-ai/cordis': ^4.0.3
      node-addon-require-builtin: ^0.1.6
    peerDependenciesMeta:
      node-addon-require-builtin:
        optional: true

  '@deepseek-ai/cordis@4.0.3':
    resolution: {integrity: sha512-ka+8UVh1JDTqkrEcgkfGwquM3lsBmLDsJMNAQUgumY65tI7IIrLFSERcNfde5kF1rtSSktOJmsC9WmJLt4rd8A==}
    hasBin: true
    peerDependencies:
      '@deepseek-ai/cordis-plugin-include': ^1.0.8
      '@deepseek-ai/cordis-plugin-loader': ^1.0.4
    peerDependenciesMeta:
      '@deepseek-ai/cordis-plugin-include':
        optional: true
      '@deepseek-ai/cordis-plugin-loader':
        optional: true

  '@deepseek-ai/cosmokit@1.8.4':
    resolution: {integrity: sha512-zOX7hFKtUQNY6GlZi1OCGY+bp6swWDf8aFNbCSAonVKEpEb5Tc2m3moUtNZscT7ksflIcVn+qgqYZo9QKUF+fQ==}

  '@deepseek-ai/dsh-agent@0.1.7-rc.2':
    resolution: {integrity: sha512-9U/zHZvZqRR5S2FD9fjjAuoMh+WfDan+bE/cLBLSLpqftjZ0FhIlEBK99yonUkNkGemyHiH/lL3jCKYw35ahJA==}
    peerDependencies:
      '@deepseek-ai/cordis': ^4.0.3
      '@deepseek-ai/dsh-invariants': 0.1.7-rc.2
      '@deepseek-ai/dsh-llm': 0.1.7-rc.2
      '@deepseek-ai/dsh-scope': 0.1.7-rc.2
      '@deepseek-ai/dsh-session': 0.1.7-rc.2
      '@deepseek-ai/dsh-session-projection': 0.1.7-rc.2
      '@deepseek-ai/dsh-system-prompt': 0.1.7-rc.2
      '@deepseek-ai/dsh-typert-protocol': 0.1.7-rc.2
      '@deepseek-ai/dsh-util-values': 0.1.7-rc.2
      '@deepseek-ai/dsh-workspace': 0.1.7-rc.2
    peerDependenciesMeta:
      '@deepseek-ai/dsh-workspace':
        optional: true

  '@deepseek-ai/dsh-attachment@0.1.7-rc.2':
    resolution: {integrity: sha512-g2SQ12Ki1l28T/H+fZKtSWDFF5Y1gavcKVBb2X4eOVX5uT5Jwumx+9Svelp1pHaknuAE1N2Yt9tMwj2quMkhDg==}
    peerDependencies:
      '@deepseek-ai/cordis': ^4.0.3
      '@deepseek-ai/dsh-brand': 0.1.7-rc.2

  '@deepseek-ai/dsh-brand@0.1.7-rc.2':
    resolution: {integrity: sha512-cvcvlNRuiFqZNNqyxdu7wcpiBjd9xa/0MpuhRvee43zBp9uED2p5JolZr5/2EKJf57gYx9k9bedb+Zbyiqnpkw==}
    peerDependencies:
      '@deepseek-ai/cordis': ^4.0.3

  '@deepseek-ai/dsh-commands@0.1.7-rc.2':
    resolution: {integrity: sha512-wVAHwHNDLDNBKXJZU2rHnwc+e3mhi6EuazAfJmqtbzU/ldQVEoJ9f5eXqesBcdQbRIrWQlpjfjdlw3nCJfK2HQ==}
    peerDependencies:
      '@deepseek-ai/cordis': ^4.0.3
      '@deepseek-ai/dsh-agent': 0.1.7-rc.2
      '@deepseek-ai/dsh-attachment': 0.1.7-rc.2
      '@deepseek-ai/dsh-brand': 0.1.7-rc.2
      '@deepseek-ai/dsh-invariants': 0.1.7-rc.2
      '@deepseek-ai/dsh-llm': 0.1.7-rc.2
      '@deepseek-ai/dsh-scope': 0.1.7-rc.2
      '@deepseek-ai/dsh-session': 0.1.7-rc.2
      '@deepseek-ai/dsh-typert-protocol': 0.1.7-rc.2

  '@deepseek-ai/dsh-http-proxy@0.1.7-rc.2':
    resolution: {integrity: sha512-sG0bj5U6CX54BLWizf/6QtqYgtbv56qSe7wW/0B+DxmN+TtOr4s+6TRWLLMUxH2SCR9th20SwiEDHvuLf17Q7Q==}
    peerDependencies:
      '@deepseek-ai/cordis': ^4.0.3

  '@deepseek-ai/dsh-invariants@0.1.7-rc.2':
    resolution: {integrity: sha512-GY2lY2TUUH2Qk1ZnrB3Q5+lXSh4webn1kbt5nQfhojVmNbist/f3dJC8JJa7XXOUNvqAgqRN9IZ4egbDZ9LLxQ==}
    peerDependencies:
      '@deepseek-ai/cordis': ^4.0.3

  '@deepseek-ai/dsh-llm@0.1.7-rc.2':
    resolution: {integrity: sha512-hNT3ovFnbNDQ8g544bh2Q9ORX40aI6Y+jhjer1lETeHS4g0jTjqUUVfARCTA7uAFvHucSBg2rFgbisIktmJCxw==}
    peerDependencies:
      '@deepseek-ai/cordis': ^4.0.3

  '@deepseek-ai/dsh-ptc-runtime@0.1.7-rc.2':
    resolution: {integrity: sha512-zRFwSSUgTpKuFQTVwnuNO4067Gyi//4C4RRLaUntXaHkZv3z1S07f1fTaYwX4+ubIIAuAVeEsczxf6tPgZ8P5g==}
    peerDependencies:
      '@deepseek-ai/cordis': ^4.0.3
      '@deepseek-ai/dsh-sandbox': 0.1.7-rc.2

  '@deepseek-ai/dsh-sandbox-policy@0.1.7-rc.2':
    resolution: {integrity: sha512-pIhCaOEqYjNoKy/c7dYYgYzK+zp8/FxnEeaBA5e6fTmNROb+/qSFsC4hY3Qu+PVU9IdbH/4fa6TbT2jnqoDPQw==}
    peerDependencies:
      '@deepseek-ai/cordis': ^4.0.3
      '@deepseek-ai/dsh-agent': 0.1.7-rc.2
      '@deepseek-ai/dsh-invariants': 0.1.7-rc.2
      '@deepseek-ai/dsh-sandbox': 0.1.7-rc.2
      '@deepseek-ai/dsh-session': 0.1.7-rc.2
      '@deepseek-ai/dsh-session-projection': 0.1.7-rc.2
      '@deepseek-ai/dsh-system-prompt': 0.1.7-rc.2

  '@deepseek-ai/dsh-sandbox@0.1.7-rc.2':
    resolution: {integrity: sha512-7aP893mtTvnuZfCKD6hUN5gYchi6Wogn4W3mg/rGMvogmhbWgrCs00boJx/eHK4KvVJmEW1e8kO5N+GtsesptA==}
    peerDependencies:
      '@deepseek-ai/cordis': ^4.0.3
      '@deepseek-ai/dsh-llm': 0.1.7-rc.2
      '@deepseek-ai/dsh-session': 0.1.7-rc.2

  '@deepseek-ai/dsh-scope@0.1.7-rc.2':
    resolution: {integrity: sha512-rk/OM5ej6/V8pCNczEqQ3BkKx3DuPeFGzNUsEZo8hF+tnkF/EhsxMWSXC/yP/uLKeNkSsVHzjFpaQR0qr0J3gQ==}
    peerDependencies:
      '@deepseek-ai/cordis': ^4.0.3
      '@deepseek-ai/dsh-invariants': 0.1.7-rc.2

  '@deepseek-ai/dsh-session-format-v0-to-v1@0.1.7-rc.2':
    resolution: {integrity: sha512-2JjUnl5+00N8/eda1s47VXP8wEl0HFqLRKk3MgEcRb6PEH3NH3Mvxb6jmkF6EeH0mMLLvzYHbpfDazOhECkXRg==}
    peerDependencies:
      '@deepseek-ai/cordis': ^4.0.3

  '@deepseek-ai/dsh-session-format-v1-to-v2@0.1.7-rc.2':
    resolution: {integrity: sha512-a7Rsv7z2zeIyWpwRWkdtbi1T8r9zBGvbcoQVQEPpmpMFH9qu5hZmzYUGNFS1qRW5KW2cZoOU+qRxHwRoKI0dcQ==}
    peerDependencies:
      '@deepseek-ai/cordis': ^4.0.3

  '@deepseek-ai/dsh-session-format-v2-to-v3@0.1.7-rc.2':
    resolution: {integrity: sha512-che+x4X57f4MPWYWjj3UkcDs4qU0sQspUvy0Ie8w+iMFPkH0C7f/629l6ubZXRFrGF/k6djbyLR/NYH7nArZaA==}
    peerDependencies:
      '@deepseek-ai/cordis': ^4.0.3

  '@deepseek-ai/dsh-session-format-v3-to-v4@0.1.7-rc.2':
    resolution: {integrity: sha512-PpGsFntVbc6HEnIlTRMluk55YPAFGmbz7SSyYMXDaz7N+jzWTa54AuMg9gUthHxPwZyj7KF2QtJAJnSQ2+GPGw==}
    peerDependencies:
      '@deepseek-ai/cordis': ^4.0.3

  '@deepseek-ai/dsh-session-format@0.1.7-rc.2':
    resolution: {integrity: sha512-ayk2VoX3r7m8U9rVc+F70qx76Eq3Mi3ToLySi29hDZPFLy8ujjSOO5LVCC1xmon8uukfcnScvElNPoP/mKTkBg==}
    peerDependencies:
      '@deepseek-ai/cordis': ^4.0.3

  '@deepseek-ai/dsh-session-projection@0.1.6-alpha.2':
    resolution: {integrity: sha512-ig+XpRxv5N+gSpfy3IajvG5AlFm2UKfTKqqtem4DXwxCHIPoRbZnYWgwd/qFIl1bNNJHL6z1zjnOGGNeO640GA==}
    peerDependencies:
      '@deepseek-ai/cordis': ^4.0.3
      '@deepseek-ai/dsh-session': ^0.1.6-alpha.2

  '@deepseek-ai/dsh-session@0.1.7-rc.2':
    resolution: {integrity: sha512-0dXv1t4Zox/yHkZ4PfPNSBWJfIc72PDqOvjz43EMoHpbmoKTVpit2UpUI+yTtX01e4MVBbDMxBZ95oJW/Oydnw==}
    peerDependencies:
      '@deepseek-ai/cordis': ^4.0.3
      '@deepseek-ai/dsh-scope': 0.1.7-rc.2

  '@deepseek-ai/dsh-storage-domain@0.1.7-rc.2':
    resolution: {integrity: sha512-Ch+k8iYvxMtmxxcVFZQ75griJMdj7RX49mbgRXLbr0s5IvCY2RYPNVDLyB1e/2wXysT1rP08FsH8nH7PoVABRg==}
    peerDependencies:
      '@deepseek-ai/cordis': ^4.0.3
      '@deepseek-ai/dsh-invariants': 0.1.7-rc.2
      '@deepseek-ai/dsh-storage': 0.1.7-rc.2

  '@deepseek-ai/dsh-storage-json@0.1.7-rc.2':
    resolution: {integrity: sha512-dmzUEcCPkvCppdZFv4TC9OlVNbb+oJdl20ybtENbIy967/kYVnJryyRBtAR6ajm2hQ2MmK9XyOD/XTZpZHy+Fw==}
    peerDependencies:
      '@deepseek-ai/cordis': ^4.0.3
      '@deepseek-ai/dsh-storage': 0.1.7-rc.2

  '@deepseek-ai/dsh-storage@0.1.7-rc.2':
    resolution: {integrity: sha512-BZ5MZY44KCUoQEy8FJTpSOXfGGPQ3sJS3xrwxF9rARIqHwtsR5WR6rXY/JmsFNc3nI0djGmJ0bF81U0q7EbDLA==}
    peerDependencies:
      '@deepseek-ai/cordis': ^4.0.3

  '@deepseek-ai/dsh-subprocess@0.1.7-rc.2':
    resolution: {integrity: sha512-HgELZIXAEDvlqI4ThbaJ7bJi2ytotxjcaAoXgiKstFGyyf9EAHOSmLkmJZ1G4nunF7cop2YclSEpAvGNTofBTg==}
    peerDependencies:
      '@deepseek-ai/cordis': ^4.0.3
      '@deepseek-ai/dsh-http-proxy': 0.1.7-rc.2

  '@deepseek-ai/dsh-system-prompt@0.1.7-rc.2':
    resolution: {integrity: sha512-vxKcADh7XOuWJOfa0WeEOhvFiUbMOdoK4w6M7KVCI0S99c9ktxrgY4wKdmAxap+nQjwTEPme3QuOlY3Na+cz9w==}
    peerDependencies:
      '@deepseek-ai/cordis': ^4.0.3
      '@deepseek-ai/dsh-invariants': 0.1.7-rc.2
      '@deepseek-ai/dsh-llm': 0.1.7-rc.2
      '@deepseek-ai/dsh-scope': 0.1.7-rc.2

  '@deepseek-ai/dsh-timeout@0.1.7-rc.2':
    resolution: {integrity: sha512-YunLoLZSF8Ld9eYwyvKoBnxgy3GZrIQpw98HfFS15ZfZlqcFiZcchFhYmStLtUbtX+gjhoeXc8Xz913YbVifNA==}
    peerDependencies:
      '@deepseek-ai/cordis': ^4.0.3

  '@deepseek-ai/dsh-tools@0.1.7-rc.2':
    resolution: {integrity: sha512-c3dTdKnslKxVTgjjPLwMKLqGUMwnZH5P8RUsucMQlWn2GViyFW/+5AIUuZHBjjE6Y7NAYl+lVVE/R4LgTp5KWA==}
    peerDependencies:
      '@deepseek-ai/cordis': ^4.0.3
      '@deepseek-ai/dsh-agent': 0.1.7-rc.2
      '@deepseek-ai/dsh-invariants': 0.1.7-rc.2
      '@deepseek-ai/dsh-llm': 0.1.7-rc.2
      '@deepseek-ai/dsh-ptc-runtime': 0.1.7-rc.2
      '@deepseek-ai/dsh-sandbox': 0.1.7-rc.2
      '@deepseek-ai/dsh-sandbox-policy': 0.1.7-rc.2
      '@deepseek-ai/dsh-scope': 0.1.7-rc.2
      '@deepseek-ai/dsh-session': 0.1.7-rc.2
      '@deepseek-ai/dsh-system-prompt': 0.1.7-rc.2
      '@deepseek-ai/dsh-user-approval': 0.1.7-rc.2

  '@deepseek-ai/dsh-typert-protocol@0.1.7-rc.2':
    resolution: {integrity: sha512-oJm03zqMQlvt16Ejw7VWy3/gqlJGrBCZj3Z4KL8ydLJeeTToKIR49WVCxMbJTlH0F9QFljruLtHguA5B99AeUQ==}
    peerDependencies:
      '@deepseek-ai/cordis': ^4.0.3

  '@deepseek-ai/dsh-user-approval@0.1.7-rc.2':
    resolution: {integrity: sha512-RQ6GB+C4G6VY/eJrFfS89+89DfHFAJ5G1abhmutfKBhZcYSnGNZyPIzpr5mKbl2xNMIhvCJOb9WiFz2fUPW2HA==}
    peerDependencies:
      '@deepseek-ai/cordis': ^4.0.3
      '@deepseek-ai/dsh-agent': 0.1.7-rc.2
      '@deepseek-ai/dsh-brand': 0.1.7-rc.2
      '@deepseek-ai/dsh-invariants': 0.1.7-rc.2
      '@deepseek-ai/dsh-llm': 0.1.7-rc.2
      '@deepseek-ai/dsh-scope': 0.1.7-rc.2
      '@deepseek-ai/dsh-session': 0.1.7-rc.2
      '@deepseek-ai/dsh-system-prompt': 0.1.7-rc.2

  '@deepseek-ai/dsh-user-questions@0.1.7-rc.2':
    resolution: {integrity: sha512-Z7rfQTXNRgPEt0gEcetoM7iO9CVxsUCeDwHVj59ArFmUGS4491Y2AxXg8NP6Hu5x79XAZ0N49sHh7FiJBPYUWQ==}
    peerDependencies:
      '@deepseek-ai/cordis': ^4.0.3
      '@deepseek-ai/dsh-agent': 0.1.7-rc.2
      '@deepseek-ai/dsh-llm': 0.1.7-rc.2
      '@deepseek-ai/dsh-scope': 0.1.7-rc.2

  '@deepseek-ai/dsh-util-crypto@0.1.7-rc.2':
    resolution: {integrity: sha512-BGc55/bSj/1LcDTQ5fpok4U24X9SFyN+TB23/hBlbe2TBUKVuwO8+X5FFKKje2MLO8PWYEDkXv/LrV6jRVKZEg==}
    peerDependencies:
      '@deepseek-ai/cordis': ^4.0.3

  '@deepseek-ai/dsh-util-values@0.1.7-rc.2':
    resolution: {integrity: sha512-UX8nh5SbtZcPVVEvjd+9PCPcbybA6OpVzJGgFxYn59ao/7QQGyYbByS8KXr+THU5JtqmDDVb9xGUSJaF2IYmeQ==}
    peerDependencies:
      '@deepseek-ai/cordis': ^4.0.3

  '@deepseek-ai/schemastery@3.18.3':
    resolution: {integrity: sha512-plZIZADuGLT/3PoYmUaEDZd0vG1rVahU89MevnxXsyQhFEi2D6DUuTJel7FUb3cUM9aCzqGMN99sHJe1RIushA==}

  '@oxlint/darwin-arm64@0.18.1':
    resolution: {integrity: sha512-FqDrcQJmEGNkgmZgI4wbCrGyJl1tiRZa3udxvyYaXag8W80A0zLFNCyWVvHIgUJ0DHlZjRc7O72xUGjiyvQrqQ==}
    cpu: [arm64]
    os: [darwin]

  '@oxlint/darwin-x64@0.18.1':
    resolution: {integrity: sha512-YUcyWBJdNuMcJxAwdV/i25/kvnKrVsA+vLn7SsL87cAwiD//rqGdOixk0r8sKUYa71Kx3h0Fg2ToUOjdE6ddYw==}
    cpu: [x64]
    os: [darwin]

  '@oxlint/linux-arm64-gnu@0.18.1':
    resolution: {integrity: sha512-ol3jhmUv5VI/omMrt6DkwY/jVTSVJlflFyU1SnSb/BuVVf3TyBiCHmZ4wVtcrcT5k3sWjrvYWw2kSozvmuE4tg==}
    cpu: [arm64]
    os: [linux]
    libc: [glibc]

  '@oxlint/linux-arm64-musl@0.18.1':
    resolution: {integrity: sha512-iKDj1ZwlU4KpXuIL1qkVP6NJzri2VSJreqXCIAe1Bf5RZXMAGSO3xjldgiX+HBvFOKSBIarLcqONYDbYco9uaQ==}
    cpu: [arm64]
    os: [linux]
    libc: [musl]

  '@oxlint/linux-x64-gnu@0.18.1':
    resolution: {integrity: sha512-A3g+fZhlOivUdK7xU/IrbhBcMHig5GLrfMX0HYjXL1fiSqKYu9n1o1p42WpT6KfPL3L2uncSg/iyg7hspcN6qA==}
    cpu: [x64]
    os: [linux]
    libc: [glibc]

  '@oxlint/linux-x64-musl@0.18.1':
    resolution: {integrity: sha512-LA02SdATWZEZBy8ZZpR2GlUbDg7+Jq1/WKkywMXqxdClkcoyyFozj8aQD2iTMKELSra4OSyqqZpOYroqjSSKmw==}
    cpu: [x64]
    os: [linux]
    libc: [musl]

  '@oxlint/win32-arm64@0.18.1':
    resolution: {integrity: sha512-FNL+OxDflqLGXRgLxfBM/X4RnLYgtOKTsb1mNSqsjSCEfUi1Oqivh7KvZ09IfAMZeJ85/fL6EI6hSOyY7nNYUg==}
    cpu: [arm64]
    os: [win32]

  '@oxlint/win32-x64@0.18.1':
    resolution: {integrity: sha512-W+aVE9Siqs6Oe3NDaDOTTOYsN9X3znl+whfqWK1EcLpqJXX1kdB8Hf45HkGjqnHoFoP96GRgUnXQHQvmUybjvg==}
    cpu: [x64]
    os: [win32]

  '@standard-schema/spec@1.1.0':
    resolution: {integrity: sha512-l2aFy5jALhniG5HgqrD6jXLi/rUWrKvqN/qJx6yoJsgKhblVd+iqqU4RCXavm/jPityDo5TCvKMnpjKnOriy0w==}

  '@types/node@22.20.1':
    resolution: {integrity: sha512-EANqOCF9QFyra+4pfxUcX9STKJpCLjMbObVzljIJomAWSnuSIEAvyzEU53GaajbXJEgdh0iEcPL+DGvpUd4k1Q==}

  argparse@2.0.1:
    resolution: {integrity: sha512-8+9WqebbFzpX9OR+Wa6O29asIogeRMzcGtAINdpMHHyAg10f05aSFVBbcEqGf/PXw1EjAZ+q2/bEBg3DvurK3Q==}

  js-yaml@4.3.1:
    resolution: {integrity: sha512-CY6crGq313MX8GkwvB7tzgp99vjQxY1++5y10/BKN/GUfHqWaOGQMNZkBvqSzsZKWk/ijwHlWzzkLulsGHhjWQ==}
    hasBin: true

  oxlint@0.18.1:
    resolution: {integrity: sha512-JGcQvbhd00Qb+nq4f9sYYRh7mZIb0K/7rbMepNdJDMzo8pbmBpx1N2XOG61RjHDsNnY6ImAmVk3h4QVwFenwUQ==}
    engines: {node: '>=8.*'}
    hasBin: true

  typescript@5.9.3:
    resolution: {integrity: sha512-jl1vZzPDinLr9eUt3J/t7V6FgNEw9QjvBPdysz9KfQDD41fQrC2Y4vKQdiaUpFT4bXlb1RHhLpp8wtm6M5TgSw==}
    engines: {node: '>=14.17'}
    hasBin: true

  undici-types@6.21.0:
    resolution: {integrity: sha512-iwDZqg0QAGrg9Rav5H4n0M64c3mkR59cJ6wQp+7C4nI0gsmExaedaYLNO44eT4AtBBwjbTiGPMlt2Md0T9H9JQ==}

  undici@8.10.2:
    resolution: {integrity: sha512-/y4/bH9YNU5hi9NIrpOuvGXFcxrj3CMrV+/AYpowAYTpHn8gX/XPFjNy766FPoYY0miQhdW977JFWKGNhBdwyQ==}
    engines: {node: '>=22.19.0'}

  zod@4.4.3:
    resolution: {integrity: sha512-ytENFjIJFl2UwYglde2jchW2Hwm4GJFLDiSXWdTrJQBIN9Fcyp7n4DhxJEiWNAJMV1/BqWfW/kkg71UDcHJyTQ==}

snapshots:

  '@deepseek-ai/cordis-plugin-include@1.0.8(@deepseek-ai/cordis-plugin-loader@1.0.4)(@deepseek-ai/cordis@4.0.3)':
    dependencies:
      '@deepseek-ai/cordis': 4.0.3(@deepseek-ai/cordis-plugin-include@1.0.8)(@deepseek-ai/cordis-plugin-loader@1.0.4)
      '@deepseek-ai/cordis-plugin-loader': 1.0.4(@deepseek-ai/cordis@4.0.3)
      '@deepseek-ai/cosmokit': 1.8.4
      js-yaml: 4.3.1

  '@deepseek-ai/cordis-plugin-loader@1.0.4(@deepseek-ai/cordis@4.0.3)':
    dependencies:
      '@deepseek-ai/cordis': 4.0.3(@deepseek-ai/cordis-plugin-include@1.0.8)(@deepseek-ai/cordis-plugin-loader@1.0.4)
      '@deepseek-ai/cosmokit': 1.8.4
      '@deepseek-ai/schemastery': 3.18.3

  '@deepseek-ai/cordis@4.0.3(@deepseek-ai/cordis-plugin-include@1.0.8)(@deepseek-ai/cordis-plugin-loader@1.0.4)':
    dependencies:
      '@deepseek-ai/cosmokit': 1.8.4
      '@standard-schema/spec': 1.1.0
    optionalDependencies:
      '@deepseek-ai/cordis-plugin-include': 1.0.8(@deepseek-ai/cordis-plugin-loader@1.0.4)(@deepseek-ai/cordis@4.0.3)
      '@deepseek-ai/cordis-plugin-loader': 1.0.4(@deepseek-ai/cordis@4.0.3)

  '@deepseek-ai/cosmokit@1.8.4': {}

  '@deepseek-ai/dsh-agent@0.1.7-rc.2(99fdbfeea121ad5d8cd8944d2e87306f)':
    dependencies:
      '@deepseek-ai/cordis': 4.0.3(@deepseek-ai/cordis-plugin-include@1.0.8)(@deepseek-ai/cordis-plugin-loader@1.0.4)
      '@deepseek-ai/dsh-invariants': 0.1.7-rc.2(@deepseek-ai/cordis@4.0.3)
      '@deepseek-ai/dsh-llm': 0.1.7-rc.2(@deepseek-ai/cordis@4.0.3)
      '@deepseek-ai/dsh-scope': 0.1.7-rc.2(@deepseek-ai/cordis@4.0.3)(@deepseek-ai/dsh-invariants@0.1.7-rc.2(@deepseek-ai/cordis@4.0.3))
      '@deepseek-ai/dsh-session': 0.1.7-rc.2(@deepseek-ai/cordis@4.0.3)(@deepseek-ai/dsh-scope@0.1.7-rc.2(@deepseek-ai/cordis@4.0.3)(@deepseek-ai/dsh-invariants@0.1.7-rc.2(@deepseek-ai/cordis@4.0.3)))
      '@deepseek-ai/dsh-session-projection': 0.1.6-alpha.2(@deepseek-ai/cordis@4.0.3)(@deepseek-ai/dsh-session@0.1.7-rc.2(@deepseek-ai/cordis@4.0.3)(@deepseek-ai/dsh-scope@0.1.7-rc.2(@deepseek-ai/cordis@4.0.3)(@deepseek-ai/dsh-invariants@0.1.7-rc.2(@deepseek-ai/cordis@4.0.3))))
      '@deepseek-ai/dsh-system-prompt': 0.1.7-rc.2(@deepseek-ai/cordis@4.0.3)(@deepseek-ai/dsh-invariants@0.1.7-rc.2(@deepseek-ai/cordis@4.0.3))(@deepseek-ai/dsh-llm@0.1.7-rc.2(@deepseek-ai/cordis@4.0.3))(@deepseek-ai/dsh-scope@0.1.7-rc.2(@deepseek-ai/cordis@4.0.3)(@deepseek-ai/dsh-invariants@0.1.7-rc.2(@deepseek-ai/cordis@4.0.3)))
      '@deepseek-ai/dsh-typert-protocol': 0.1.7-rc.2(@deepseek-ai/cordis@4.0.3)
      '@deepseek-ai/dsh-util-values': 0.1.7-rc.2(@deepseek-ai/cordis@4.0.3)

  '@deepseek-ai/dsh-attachment@0.1.7-rc.2(@deepseek-ai/cordis@4.0.3)(@deepseek-ai/dsh-brand@0.1.7-rc.2(@deepseek-ai/cordis@4.0.3))':
    dependencies:
      '@deepseek-ai/cordis': 4.0.3(@deepseek-ai/cordis-plugin-include@1.0.8)(@deepseek-ai/cordis-plugin-loader@1.0.4)
      '@deepseek-ai/dsh-brand': 0.1.7-rc.2(@deepseek-ai/cordis@4.0.3)

  '@deepseek-ai/dsh-brand@0.1.7-rc.2(@deepseek-ai/cordis@4.0.3)':
    dependencies:
      '@deepseek-ai/cordis': 4.0.3(@deepseek-ai/cordis-plugin-include@1.0.8)(@deepseek-ai/cordis-plugin-loader@1.0.4)

  '@deepseek-ai/dsh-commands@0.1.7-rc.2(@deepseek-ai/cordis@4.0.3)(@deepseek-ai/dsh-agent@0.1.7-rc.2(99fdbfeea121ad5d8cd8944d2e87306f))(@deepseek-ai/dsh-attachment@0.1.7-rc.2(@deepseek-ai/cordis@4.0.3)(@deepseek-ai/dsh-brand@0.1.7-rc.2(@deepseek-ai/cordis@4.0.3)))(@deepseek-ai/dsh-brand@0.1.7-rc.2(@deepseek-ai/cordis@4.0.3))(@deepseek-ai/dsh-invariants@0.1.7-rc.2(@deepseek-ai/cordis@4.0.3))(@deepseek-ai/dsh-llm@0.1.7-rc.2(@deepseek-ai/cordis@4.0.3))(@deepseek-ai/dsh-scope@0.1.7-rc.2(@deepseek-ai/cordis@4.0.3)(@deepseek-ai/dsh-invariants@0.1.7-rc.2(@deepseek-ai/cordis@4.0.3)))(@deepseek-ai/dsh-session@0.1.7-rc.2(@deepseek-ai/cordis@4.0.3)(@deepseek-ai/dsh-scope@0.1.7-rc.2(@deepseek-ai/cordis@4.0.3)(@deepseek-ai/dsh-invariants@0.1.7-rc.2(@deepseek-ai/cordis@4.0.3))))(@deepseek-ai/dsh-typert-protocol@0.1.7-rc.2(@deepseek-ai/cordis@4.0.3))':
    dependencies:
      '@deepseek-ai/cordis': 4.0.3(@deepseek-ai/cordis-plugin-include@1.0.8)(@deepseek-ai/cordis-plugin-loader@1.0.4)
      '@deepseek-ai/dsh-agent': 0.1.7-rc.2(99fdbfeea121ad5d8cd8944d2e87306f)
      '@deepseek-ai/dsh-attachment': 0.1.7-rc.2(@deepseek-ai/cordis@4.0.3)(@deepseek-ai/dsh-brand@0.1.7-rc.2(@deepseek-ai/cordis@4.0.3))
      '@deepseek-ai/dsh-brand': 0.1.7-rc.2(@deepseek-ai/cordis@4.0.3)
      '@deepseek-ai/dsh-invariants': 0.1.7-rc.2(@deepseek-ai/cordis@4.0.3)
      '@deepseek-ai/dsh-llm': 0.1.7-rc.2(@deepseek-ai/cordis@4.0.3)
      '@deepseek-ai/dsh-scope': 0.1.7-rc.2(@deepseek-ai/cordis@4.0.3)(@deepseek-ai/dsh-invariants@0.1.7-rc.2(@deepseek-ai/cordis@4.0.3))
      '@deepseek-ai/dsh-session': 0.1.7-rc.2(@deepseek-ai/cordis@4.0.3)(@deepseek-ai/dsh-scope@0.1.7-rc.2(@deepseek-ai/cordis@4.0.3)(@deepseek-ai/dsh-invariants@0.1.7-rc.2(@deepseek-ai/cordis@4.0.3)))
      '@deepseek-ai/dsh-typert-protocol': 0.1.7-rc.2(@deepseek-ai/cordis@4.0.3)
      '@deepseek-ai/dsh-util-crypto': 0.1.7-rc.2(@deepseek-ai/cordis@4.0.3)
      zod: 4.4.3

  '@deepseek-ai/dsh-http-proxy@0.1.7-rc.2(@deepseek-ai/cordis@4.0.3)':
    dependencies:
      '@deepseek-ai/cordis': 4.0.3(@deepseek-ai/cordis-plugin-include@1.0.8)(@deepseek-ai/cordis-plugin-loader@1.0.4)
      undici: 8.10.2

  '@deepseek-ai/dsh-invariants@0.1.7-rc.2(@deepseek-ai/cordis@4.0.3)':
    dependencies:
      '@deepseek-ai/cordis': 4.0.3(@deepseek-ai/cordis-plugin-include@1.0.8)(@deepseek-ai/cordis-plugin-loader@1.0.4)
      '@deepseek-ai/schemastery': 3.18.3

  '@deepseek-ai/dsh-llm@0.1.7-rc.2(@deepseek-ai/cordis@4.0.3)':
    dependencies:
      '@deepseek-ai/cordis': 4.0.3(@deepseek-ai/cordis-plugin-include@1.0.8)(@deepseek-ai/cordis-plugin-loader@1.0.4)
      '@deepseek-ai/dsh-brand': 0.1.7-rc.2(@deepseek-ai/cordis@4.0.3)
      '@deepseek-ai/dsh-timeout': 0.1.7-rc.2(@deepseek-ai/cordis@4.0.3)
      '@deepseek-ai/dsh-typert-protocol': 0.1.7-rc.2(@deepseek-ai/cordis@4.0.3)
      '@deepseek-ai/dsh-util-crypto': 0.1.7-rc.2(@deepseek-ai/cordis@4.0.3)
      '@deepseek-ai/dsh-util-values': 0.1.7-rc.2(@deepseek-ai/cordis@4.0.3)
      '@deepseek-ai/schemastery': 3.18.3
      zod: 4.4.3

  '@deepseek-ai/dsh-ptc-runtime@0.1.7-rc.2(@deepseek-ai/cordis@4.0.3)(@deepseek-ai/dsh-sandbox@0.1.7-rc.2(@deepseek-ai/cordis@4.0.3)(@deepseek-ai/dsh-llm@0.1.7-rc.2(@deepseek-ai/cordis@4.0.3))(@deepseek-ai/dsh-session@0.1.7-rc.2(@deepseek-ai/cordis@4.0.3)(@deepseek-ai/dsh-scope@0.1.7-rc.2(@deepseek-ai/cordis@4.0.3)(@deepseek-ai/dsh-invariants@0.1.7-rc.2(@deepseek-ai/cordis@4.0.3)))))':
    dependencies:
      '@deepseek-ai/cordis': 4.0.3(@deepseek-ai/cordis-plugin-include@1.0.8)(@deepseek-ai/cordis-plugin-loader@1.0.4)
      '@deepseek-ai/dsh-sandbox': 0.1.7-rc.2(@deepseek-ai/cordis@4.0.3)(@deepseek-ai/dsh-llm@0.1.7-rc.2(@deepseek-ai/cordis@4.0.3))(@deepseek-ai/dsh-session@0.1.7-rc.2(@deepseek-ai/cordis@4.0.3)(@deepseek-ai/dsh-scope@0.1.7-rc.2(@deepseek-ai/cordis@4.0.3)(@deepseek-ai/dsh-invariants@0.1.7-rc.2(@deepseek-ai/cordis@4.0.3))))

  '@deepseek-ai/dsh-sandbox-policy@0.1.7-rc.2(c8241abcffff3f0ad43b24636e2055ee)':
    dependencies:
      '@deepseek-ai/cordis': 4.0.3(@deepseek-ai/cordis-plugin-include@1.0.8)(@deepseek-ai/cordis-plugin-loader@1.0.4)
      '@deepseek-ai/dsh-agent': 0.1.7-rc.2(99fdbfeea121ad5d8cd8944d2e87306f)
      '@deepseek-ai/dsh-invariants': 0.1.7-rc.2(@deepseek-ai/cordis@4.0.3)
      '@deepseek-ai/dsh-sandbox': 0.1.7-rc.2(@deepseek-ai/cordis@4.0.3)(@deepseek-ai/dsh-llm@0.1.7-rc.2(@deepseek-ai/cordis@4.0.3))(@deepseek-ai/dsh-session@0.1.7-rc.2(@deepseek-ai/cordis@4.0.3)(@deepseek-ai/dsh-scope@0.1.7-rc.2(@deepseek-ai/cordis@4.0.3)(@deepseek-ai/dsh-invariants@0.1.7-rc.2(@deepseek-ai/cordis@4.0.3))))
      '@deepseek-ai/dsh-session': 0.1.7-rc.2(@deepseek-ai/cordis@4.0.3)(@deepseek-ai/dsh-scope@0.1.7-rc.2(@deepseek-ai/cordis@4.0.3)(@deepseek-ai/dsh-invariants@0.1.7-rc.2(@deepseek-ai/cordis@4.0.3)))
      '@deepseek-ai/dsh-session-projection': 0.1.6-alpha.2(@deepseek-ai/cordis@4.0.3)(@deepseek-ai/dsh-session@0.1.7-rc.2(@deepseek-ai/cordis@4.0.3)(@deepseek-ai/dsh-scope@0.1.7-rc.2(@deepseek-ai/cordis@4.0.3)(@deepseek-ai/dsh-invariants@0.1.7-rc.2(@deepseek-ai/cordis@4.0.3))))
      '@deepseek-ai/dsh-system-prompt': 0.1.7-rc.2(@deepseek-ai/cordis@4.0.3)(@deepseek-ai/dsh-invariants@0.1.7-rc.2(@deepseek-ai/cordis@4.0.3))(@deepseek-ai/dsh-llm@0.1.7-rc.2(@deepseek-ai/cordis@4.0.3))(@deepseek-ai/dsh-scope@0.1.7-rc.2(@deepseek-ai/cordis@4.0.3)(@deepseek-ai/dsh-invariants@0.1.7-rc.2(@deepseek-ai/cordis@4.0.3)))
      '@deepseek-ai/schemastery': 3.18.3
      zod: 4.4.3

  '@deepseek-ai/dsh-sandbox@0.1.7-rc.2(@deepseek-ai/cordis@4.0.3)(@deepseek-ai/dsh-llm@0.1.7-rc.2(@deepseek-ai/cordis@4.0.3))(@deepseek-ai/dsh-session@0.1.7-rc.2(@deepseek-ai/cordis@4.0.3)(@deepseek-ai/dsh-scope@0.1.7-rc.2(@deepseek-ai/cordis@4.0.3)(@deepseek-ai/dsh-invariants@0.1.7-rc.2(@deepseek-ai/cordis@4.0.3))))':
    dependencies:
      '@deepseek-ai/cordis': 4.0.3(@deepseek-ai/cordis-plugin-include@1.0.8)(@deepseek-ai/cordis-plugin-loader@1.0.4)
      '@deepseek-ai/dsh-llm': 0.1.7-rc.2(@deepseek-ai/cordis@4.0.3)
      '@deepseek-ai/dsh-session': 0.1.7-rc.2(@deepseek-ai/cordis@4.0.3)(@deepseek-ai/dsh-scope@0.1.7-rc.2(@deepseek-ai/cordis@4.0.3)(@deepseek-ai/dsh-invariants@0.1.7-rc.2(@deepseek-ai/cordis@4.0.3)))
      '@deepseek-ai/dsh-util-values': 0.1.7-rc.2(@deepseek-ai/cordis@4.0.3)

  '@deepseek-ai/dsh-scope@0.1.7-rc.2(@deepseek-ai/cordis@4.0.3)(@deepseek-ai/dsh-invariants@0.1.7-rc.2(@deepseek-ai/cordis@4.0.3))':
    dependencies:
      '@deepseek-ai/cordis': 4.0.3(@deepseek-ai/cordis-plugin-include@1.0.8)(@deepseek-ai/cordis-plugin-loader@1.0.4)
      '@deepseek-ai/dsh-invariants': 0.1.7-rc.2(@deepseek-ai/cordis@4.0.3)

  '@deepseek-ai/dsh-session-format-v0-to-v1@0.1.7-rc.2(@deepseek-ai/cordis@4.0.3)':
    dependencies:
      '@deepseek-ai/cordis': 4.0.3(@deepseek-ai/cordis-plugin-include@1.0.8)(@deepseek-ai/cordis-plugin-loader@1.0.4)
      '@deepseek-ai/dsh-session-format': 0.1.7-rc.2(@deepseek-ai/cordis@4.0.3)
      '@deepseek-ai/dsh-util-values': 0.1.7-rc.2(@deepseek-ai/cordis@4.0.3)

  '@deepseek-ai/dsh-session-format-v1-to-v2@0.1.7-rc.2(@deepseek-ai/cordis@4.0.3)':
    dependencies:
      '@deepseek-ai/cordis': 4.0.3(@deepseek-ai/cordis-plugin-include@1.0.8)(@deepseek-ai/cordis-plugin-loader@1.0.4)
      '@deepseek-ai/dsh-llm': 0.1.7-rc.2(@deepseek-ai/cordis@4.0.3)
      '@deepseek-ai/dsh-session-format': 0.1.7-rc.2(@deepseek-ai/cordis@4.0.3)
      '@deepseek-ai/dsh-session-format-v0-to-v1': 0.1.7-rc.2(@deepseek-ai/cordis@4.0.3)
      '@deepseek-ai/dsh-util-values': 0.1.7-rc.2(@deepseek-ai/cordis@4.0.3)

  '@deepseek-ai/dsh-session-format-v2-to-v3@0.1.7-rc.2(@deepseek-ai/cordis@4.0.3)':
    dependencies:
      '@deepseek-ai/cordis': 4.0.3(@deepseek-ai/cordis-plugin-include@1.0.8)(@deepseek-ai/cordis-plugin-loader@1.0.4)
      '@deepseek-ai/dsh-session-format': 0.1.7-rc.2(@deepseek-ai/cordis@4.0.3)
      '@deepseek-ai/dsh-session-format-v0-to-v1': 0.1.7-rc.2(@deepseek-ai/cordis@4.0.3)
      '@deepseek-ai/dsh-session-format-v1-to-v2': 0.1.7-rc.2(@deepseek-ai/cordis@4.0.3)

  '@deepseek-ai/dsh-session-format-v3-to-v4@0.1.7-rc.2(@deepseek-ai/cordis@4.0.3)':
    dependencies:
      '@deepseek-ai/cordis': 4.0.3(@deepseek-ai/cordis-plugin-include@1.0.8)(@deepseek-ai/cordis-plugin-loader@1.0.4)
      '@deepseek-ai/dsh-session-format': 0.1.7-rc.2(@deepseek-ai/cordis@4.0.3)
      '@deepseek-ai/dsh-session-format-v2-to-v3': 0.1.7-rc.2(@deepseek-ai/cordis@4.0.3)

  '@deepseek-ai/dsh-session-format@0.1.7-rc.2(@deepseek-ai/cordis@4.0.3)':
    dependencies:
      '@deepseek-ai/cordis': 4.0.3(@deepseek-ai/cordis-plugin-include@1.0.8)(@deepseek-ai/cordis-plugin-loader@1.0.4)
      '@deepseek-ai/dsh-util-values': 0.1.7-rc.2(@deepseek-ai/cordis@4.0.3)

  '@deepseek-ai/dsh-session-projection@0.1.6-alpha.2(@deepseek-ai/cordis@4.0.3)(@deepseek-ai/dsh-session@0.1.7-rc.2(@deepseek-ai/cordis@4.0.3)(@deepseek-ai/dsh-scope@0.1.7-rc.2(@deepseek-ai/cordis@4.0.3)(@deepseek-ai/dsh-invariants@0.1.7-rc.2(@deepseek-ai/cordis@4.0.3))))':
    dependencies:
      '@deepseek-ai/cordis': 4.0.3(@deepseek-ai/cordis-plugin-include@1.0.8)(@deepseek-ai/cordis-plugin-loader@1.0.4)
      '@deepseek-ai/dsh-session': 0.1.7-rc.2(@deepseek-ai/cordis@4.0.3)(@deepseek-ai/dsh-scope@0.1.7-rc.2(@deepseek-ai/cordis@4.0.3)(@deepseek-ai/dsh-invariants@0.1.7-rc.2(@deepseek-ai/cordis@4.0.3)))
      zod: 4.4.3

  '@deepseek-ai/dsh-session@0.1.7-rc.2(@deepseek-ai/cordis@4.0.3)(@deepseek-ai/dsh-scope@0.1.7-rc.2(@deepseek-ai/cordis@4.0.3)(@deepseek-ai/dsh-invariants@0.1.7-rc.2(@deepseek-ai/cordis@4.0.3)))':
    dependencies:
      '@deepseek-ai/cordis': 4.0.3(@deepseek-ai/cordis-plugin-include@1.0.8)(@deepseek-ai/cordis-plugin-loader@1.0.4)
      '@deepseek-ai/dsh-brand': 0.1.7-rc.2(@deepseek-ai/cordis@4.0.3)
      '@deepseek-ai/dsh-llm': 0.1.7-rc.2(@deepseek-ai/cordis@4.0.3)
      '@deepseek-ai/dsh-scope': 0.1.7-rc.2(@deepseek-ai/cordis@4.0.3)(@deepseek-ai/dsh-invariants@0.1.7-rc.2(@deepseek-ai/cordis@4.0.3))
      '@deepseek-ai/dsh-util-values': 0.1.7-rc.2(@deepseek-ai/cordis@4.0.3)

  '@deepseek-ai/dsh-storage-domain@0.1.7-rc.2(@deepseek-ai/cordis@4.0.3)(@deepseek-ai/dsh-invariants@0.1.7-rc.2(@deepseek-ai/cordis@4.0.3))(@deepseek-ai/dsh-storage@0.1.7-rc.2(@deepseek-ai/cordis@4.0.3))':
    dependencies:
      '@deepseek-ai/cordis': 4.0.3(@deepseek-ai/cordis-plugin-include@1.0.8)(@deepseek-ai/cordis-plugin-loader@1.0.4)
      '@deepseek-ai/dsh-invariants': 0.1.7-rc.2(@deepseek-ai/cordis@4.0.3)
      '@deepseek-ai/dsh-storage': 0.1.7-rc.2(@deepseek-ai/cordis@4.0.3)
      '@deepseek-ai/schemastery': 3.18.3
      zod: 4.4.3

  '@deepseek-ai/dsh-storage-json@0.1.7-rc.2(@deepseek-ai/cordis@4.0.3)(@deepseek-ai/dsh-storage@0.1.7-rc.2(@deepseek-ai/cordis@4.0.3))':
    dependencies:
      '@deepseek-ai/cordis': 4.0.3(@deepseek-ai/cordis-plugin-include@1.0.8)(@deepseek-ai/cordis-plugin-loader@1.0.4)
      '@deepseek-ai/dsh-storage': 0.1.7-rc.2(@deepseek-ai/cordis@4.0.3)
      '@deepseek-ai/schemastery': 3.18.3

  '@deepseek-ai/dsh-storage@0.1.7-rc.2(@deepseek-ai/cordis@4.0.3)':
    dependencies:
      '@deepseek-ai/cordis': 4.0.3(@deepseek-ai/cordis-plugin-include@1.0.8)(@deepseek-ai/cordis-plugin-loader@1.0.4)

  '@deepseek-ai/dsh-subprocess@0.1.7-rc.2(@deepseek-ai/cordis@4.0.3)(@deepseek-ai/dsh-http-proxy@0.1.7-rc.2(@deepseek-ai/cordis@4.0.3))':
    dependencies:
      '@deepseek-ai/cordis': 4.0.3(@deepseek-ai/cordis-plugin-include@1.0.8)(@deepseek-ai/cordis-plugin-loader@1.0.4)
      '@deepseek-ai/dsh-http-proxy': 0.1.7-rc.2(@deepseek-ai/cordis@4.0.3)

  '@deepseek-ai/dsh-system-prompt@0.1.7-rc.2(@deepseek-ai/cordis@4.0.3)(@deepseek-ai/dsh-invariants@0.1.7-rc.2(@deepseek-ai/cordis@4.0.3))(@deepseek-ai/dsh-llm@0.1.7-rc.2(@deepseek-ai/cordis@4.0.3))(@deepseek-ai/dsh-scope@0.1.7-rc.2(@deepseek-ai/cordis@4.0.3)(@deepseek-ai/dsh-invariants@0.1.7-rc.2(@deepseek-ai/cordis@4.0.3)))':
    dependencies:
      '@deepseek-ai/cordis': 4.0.3(@deepseek-ai/cordis-plugin-include@1.0.8)(@deepseek-ai/cordis-plugin-loader@1.0.4)
      '@deepseek-ai/dsh-invariants': 0.1.7-rc.2(@deepseek-ai/cordis@4.0.3)
      '@deepseek-ai/dsh-llm': 0.1.7-rc.2(@deepseek-ai/cordis@4.0.3)
      '@deepseek-ai/dsh-scope': 0.1.7-rc.2(@deepseek-ai/cordis@4.0.3)(@deepseek-ai/dsh-invariants@0.1.7-rc.2(@deepseek-ai/cordis@4.0.3))
      '@deepseek-ai/schemastery': 3.18.3

  '@deepseek-ai/dsh-timeout@0.1.7-rc.2(@deepseek-ai/cordis@4.0.3)':
    dependencies:
      '@deepseek-ai/cordis': 4.0.3(@deepseek-ai/cordis-plugin-include@1.0.8)(@deepseek-ai/cordis-plugin-loader@1.0.4)

  '@deepseek-ai/dsh-tools@0.1.7-rc.2(29f6d2a1980e8dd5f756418cf2002002)':
    dependencies:
      '@deepseek-ai/cordis': 4.0.3(@deepseek-ai/cordis-plugin-include@1.0.8)(@deepseek-ai/cordis-plugin-loader@1.0.4)
      '@deepseek-ai/dsh-agent': 0.1.7-rc.2(99fdbfeea121ad5d8cd8944d2e87306f)
      '@deepseek-ai/dsh-brand': 0.1.7-rc.2(@deepseek-ai/cordis@4.0.3)
      '@deepseek-ai/dsh-invariants': 0.1.7-rc.2(@deepseek-ai/cordis@4.0.3)
      '@deepseek-ai/dsh-llm': 0.1.7-rc.2(@deepseek-ai/cordis@4.0.3)
      '@deepseek-ai/dsh-ptc-runtime': 0.1.7-rc.2(@deepseek-ai/cordis@4.0.3)(@deepseek-ai/dsh-sandbox@0.1.7-rc.2(@deepseek-ai/cordis@4.0.3)(@deepseek-ai/dsh-llm@0.1.7-rc.2(@deepseek-ai/cordis@4.0.3))(@deepseek-ai/dsh-session@0.1.7-rc.2(@deepseek-ai/cordis@4.0.3)(@deepseek-ai/dsh-scope@0.1.7-rc.2(@deepseek-ai/cordis@4.0.3)(@deepseek-ai/dsh-invariants@0.1.7-rc.2(@deepseek-ai/cordis@4.0.3)))))
      '@deepseek-ai/dsh-sandbox': 0.1.7-rc.2(@deepseek-ai/cordis@4.0.3)(@deepseek-ai/dsh-llm@0.1.7-rc.2(@deepseek-ai/cordis@4.0.3))(@deepseek-ai/dsh-session@0.1.7-rc.2(@deepseek-ai/cordis@4.0.3)(@deepseek-ai/dsh-scope@0.1.7-rc.2(@deepseek-ai/cordis@4.0.3)(@deepseek-ai/dsh-invariants@0.1.7-rc.2(@deepseek-ai/cordis@4.0.3))))
      '@deepseek-ai/dsh-sandbox-policy': 0.1.7-rc.2(c8241abcffff3f0ad43b24636e2055ee)
      '@deepseek-ai/dsh-scope': 0.1.7-rc.2(@deepseek-ai/cordis@4.0.3)(@deepseek-ai/dsh-invariants@0.1.7-rc.2(@deepseek-ai/cordis@4.0.3))
      '@deepseek-ai/dsh-session': 0.1.7-rc.2(@deepseek-ai/cordis@4.0.3)(@deepseek-ai/dsh-scope@0.1.7-rc.2(@deepseek-ai/cordis@4.0.3)(@deepseek-ai/dsh-invariants@0.1.7-rc.2(@deepseek-ai/cordis@4.0.3)))
      '@deepseek-ai/dsh-system-prompt': 0.1.7-rc.2(@deepseek-ai/cordis@4.0.3)(@deepseek-ai/dsh-invariants@0.1.7-rc.2(@deepseek-ai/cordis@4.0.3))(@deepseek-ai/dsh-llm@0.1.7-rc.2(@deepseek-ai/cordis@4.0.3))(@deepseek-ai/dsh-scope@0.1.7-rc.2(@deepseek-ai/cordis@4.0.3)(@deepseek-ai/dsh-invariants@0.1.7-rc.2(@deepseek-ai/cordis@4.0.3)))
      '@deepseek-ai/dsh-user-approval': 0.1.7-rc.2(@deepseek-ai/cordis@4.0.3)(@deepseek-ai/dsh-agent@0.1.7-rc.2(99fdbfeea121ad5d8cd8944d2e87306f))(@deepseek-ai/dsh-brand@0.1.7-rc.2(@deepseek-ai/cordis@4.0.3))(@deepseek-ai/dsh-invariants@0.1.7-rc.2(@deepseek-ai/cordis@4.0.3))(@deepseek-ai/dsh-llm@0.1.7-rc.2(@deepseek-ai/cordis@4.0.3))(@deepseek-ai/dsh-scope@0.1.7-rc.2(@deepseek-ai/cordis@4.0.3)(@deepseek-ai/dsh-invariants@0.1.7-rc.2(@deepseek-ai/cordis@4.0.3)))(@deepseek-ai/dsh-session@0.1.7-rc.2(@deepseek-ai/cordis@4.0.3)(@deepseek-ai/dsh-scope@0.1.7-rc.2(@deepseek-ai/cordis@4.0.3)(@deepseek-ai/dsh-invariants@0.1.7-rc.2(@deepseek-ai/cordis@4.0.3))))(@deepseek-ai/dsh-system-prompt@0.1.7-rc.2(@deepseek-ai/cordis@4.0.3)(@deepseek-ai/dsh-invariants@0.1.7-rc.2(@deepseek-ai/cordis@4.0.3))(@deepseek-ai/dsh-llm@0.1.7-rc.2(@deepseek-ai/cordis@4.0.3))(@deepseek-ai/dsh-scope@0.1.7-rc.2(@deepseek-ai/cordis@4.0.3)(@deepseek-ai/dsh-invariants@0.1.7-rc.2(@deepseek-ai/cordis@4.0.3))))
      '@deepseek-ai/dsh-util-values': 0.1.7-rc.2(@deepseek-ai/cordis@4.0.3)
      '@deepseek-ai/schemastery': 3.18.3

  '@deepseek-ai/dsh-typert-protocol@0.1.7-rc.2(@deepseek-ai/cordis@4.0.3)':
    dependencies:
      '@deepseek-ai/cordis': 4.0.3(@deepseek-ai/cordis-plugin-include@1.0.8)(@deepseek-ai/cordis-plugin-loader@1.0.4)
      '@deepseek-ai/dsh-brand': 0.1.7-rc.2(@deepseek-ai/cordis@4.0.3)

  '@deepseek-ai/dsh-user-approval@0.1.7-rc.2(@deepseek-ai/cordis@4.0.3)(@deepseek-ai/dsh-agent@0.1.7-rc.2(99fdbfeea121ad5d8cd8944d2e87306f))(@deepseek-ai/dsh-brand@0.1.7-rc.2(@deepseek-ai/cordis@4.0.3))(@deepseek-ai/dsh-invariants@0.1.7-rc.2(@deepseek-ai/cordis@4.0.3))(@deepseek-ai/dsh-llm@0.1.7-rc.2(@deepseek-ai/cordis@4.0.3))(@deepseek-ai/dsh-scope@0.1.7-rc.2(@deepseek-ai/cordis@4.0.3)(@deepseek-ai/dsh-invariants@0.1.7-rc.2(@deepseek-ai/cordis@4.0.3)))(@deepseek-ai/dsh-session@0.1.7-rc.2(@deepseek-ai/cordis@4.0.3)(@deepseek-ai/dsh-scope@0.1.7-rc.2(@deepseek-ai/cordis@4.0.3)(@deepseek-ai/dsh-invariants@0.1.7-rc.2(@deepseek-ai/cordis@4.0.3))))(@deepseek-ai/dsh-system-prompt@0.1.7-rc.2(@deepseek-ai/cordis@4.0.3)(@deepseek-ai/dsh-invariants@0.1.7-rc.2(@deepseek-ai/cordis@4.0.3))(@deepseek-ai/dsh-llm@0.1.7-rc.2(@deepseek-ai/cordis@4.0.3))(@deepseek-ai/dsh-scope@0.1.7-rc.2(@deepseek-ai/cordis@4.0.3)(@deepseek-ai/dsh-invariants@0.1.7-rc.2(@deepseek-ai/cordis@4.0.3))))':
    dependencies:
      '@deepseek-ai/cordis': 4.0.3(@deepseek-ai/cordis-plugin-include@1.0.8)(@deepseek-ai/cordis-plugin-loader@1.0.4)
      '@deepseek-ai/dsh-agent': 0.1.7-rc.2(99fdbfeea121ad5d8cd8944d2e87306f)
      '@deepseek-ai/dsh-brand': 0.1.7-rc.2(@deepseek-ai/cordis@4.0.3)
      '@deepseek-ai/dsh-invariants': 0.1.7-rc.2(@deepseek-ai/cordis@4.0.3)
      '@deepseek-ai/dsh-llm': 0.1.7-rc.2(@deepseek-ai/cordis@4.0.3)
      '@deepseek-ai/dsh-scope': 0.1.7-rc.2(@deepseek-ai/cordis@4.0.3)(@deepseek-ai/dsh-invariants@0.1.7-rc.2(@deepseek-ai/cordis@4.0.3))
      '@deepseek-ai/dsh-session': 0.1.7-rc.2(@deepseek-ai/cordis@4.0.3)(@deepseek-ai/dsh-scope@0.1.7-rc.2(@deepseek-ai/cordis@4.0.3)(@deepseek-ai/dsh-invariants@0.1.7-rc.2(@deepseek-ai/cordis@4.0.3)))
      '@deepseek-ai/dsh-system-prompt': 0.1.7-rc.2(@deepseek-ai/cordis@4.0.3)(@deepseek-ai/dsh-invariants@0.1.7-rc.2(@deepseek-ai/cordis@4.0.3))(@deepseek-ai/dsh-llm@0.1.7-rc.2(@deepseek-ai/cordis@4.0.3))(@deepseek-ai/dsh-scope@0.1.7-rc.2(@deepseek-ai/cordis@4.0.3)(@deepseek-ai/dsh-invariants@0.1.7-rc.2(@deepseek-ai/cordis@4.0.3)))
      '@deepseek-ai/schemastery': 3.18.3

  '@deepseek-ai/dsh-user-questions@0.1.7-rc.2(@deepseek-ai/cordis@4.0.3)(@deepseek-ai/dsh-agent@0.1.7-rc.2(99fdbfeea121ad5d8cd8944d2e87306f))(@deepseek-ai/dsh-llm@0.1.7-rc.2(@deepseek-ai/cordis@4.0.3))(@deepseek-ai/dsh-scope@0.1.7-rc.2(@deepseek-ai/cordis@4.0.3)(@deepseek-ai/dsh-invariants@0.1.7-rc.2(@deepseek-ai/cordis@4.0.3)))':
    dependencies:
      '@deepseek-ai/cordis': 4.0.3(@deepseek-ai/cordis-plugin-include@1.0.8)(@deepseek-ai/cordis-plugin-loader@1.0.4)
      '@deepseek-ai/dsh-agent': 0.1.7-rc.2(99fdbfeea121ad5d8cd8944d2e87306f)
      '@deepseek-ai/dsh-llm': 0.1.7-rc.2(@deepseek-ai/cordis@4.0.3)
      '@deepseek-ai/dsh-scope': 0.1.7-rc.2(@deepseek-ai/cordis@4.0.3)(@deepseek-ai/dsh-invariants@0.1.7-rc.2(@deepseek-ai/cordis@4.0.3))

  '@deepseek-ai/dsh-util-crypto@0.1.7-rc.2(@deepseek-ai/cordis@4.0.3)':
    dependencies:
      '@deepseek-ai/cordis': 4.0.3(@deepseek-ai/cordis-plugin-include@1.0.8)(@deepseek-ai/cordis-plugin-loader@1.0.4)

  '@deepseek-ai/dsh-util-values@0.1.7-rc.2(@deepseek-ai/cordis@4.0.3)':
    dependencies:
      '@deepseek-ai/cordis': 4.0.3(@deepseek-ai/cordis-plugin-include@1.0.8)(@deepseek-ai/cordis-plugin-loader@1.0.4)

  '@deepseek-ai/schemastery@3.18.3':
    dependencies:
      '@deepseek-ai/cosmokit': 1.8.4
      '@standard-schema/spec': 1.1.0

  '@oxlint/darwin-arm64@0.18.1':
    optional: true

  '@oxlint/darwin-x64@0.18.1':
    optional: true

  '@oxlint/linux-arm64-gnu@0.18.1':
    optional: true

  '@oxlint/linux-arm64-musl@0.18.1':
    optional: true

  '@oxlint/linux-x64-gnu@0.18.1':
    optional: true

  '@oxlint/linux-x64-musl@0.18.1':
    optional: true

  '@oxlint/win32-arm64@0.18.1':
    optional: true

  '@oxlint/win32-x64@0.18.1':
    optional: true

  '@standard-schema/spec@1.1.0': {}

  '@types/node@22.20.1':
    dependencies:
      undici-types: 6.21.0

  argparse@2.0.1: {}

  js-yaml@4.3.1:
    dependencies:
      argparse: 2.0.1

  oxlint@0.18.1:
    optionalDependencies:
      '@oxlint/darwin-arm64': 0.18.1
      '@oxlint/darwin-x64': 0.18.1
      '@oxlint/linux-arm64-gnu': 0.18.1
      '@oxlint/linux-arm64-musl': 0.18.1
      '@oxlint/linux-x64-gnu': 0.18.1
      '@oxlint/linux-x64-musl': 0.18.1
      '@oxlint/win32-arm64': 0.18.1
      '@oxlint/win32-x64': 0.18.1

  typescript@5.9.3: {}

  undici-types@6.21.0: {}

  undici@8.10.2: {}

  zod@4.4.3: {}
